
Microsoft Visual Studio Solution File, Format Version 12.00
# Visual Studio 15
VisualStudioVersion = 15.0.26430.14
MinimumVisualStudioVersion = 10.0.40219.1
Project("{2150E333-8FDC-42A3-9474-1A3956D46DE8}") = "Solution Items", "Solution Items", "{FCC27D39-586F-4F1E-8373-4FB3C58333BC}"
	ProjectSection(SolutionItems) = preProject
		.gitattributes = .gitattributes
		.gitignore = .gitignore
	EndProjectSection
EndProject
Project("{FAE04EC0-301F-11D3-BF4B-00C04F79EFBC}") = "UA COM Server Wrapper", "ComIOP\Wrapper\ServerWrapper\UA COM Server Wrapper.csproj", "{F4805912-A3F9-4045-BC63-01F34A216EE7}"
	ProjectSection(ProjectDependencies) = postProject
		{24D3C616-ED4C-4AF9-B529-7B418EC8ACC4} = {24D3C616-ED4C-4AF9-B529-7B418EC8ACC4}
	EndProjectSection
EndProject
Project("{FAE04EC0-301F-11D3-BF4B-00C04F79EFBC}") = "UA COM Interop Library", "ComIOP\Common\UA COM Interop Library.csproj", "{24D3C616-ED4C-4AF9-B529-7B418EC8ACC4}"
EndProject
Project("{8BC9CEB8-8B4A-11D0-8D11-00A0C91BC942}") = "UA COM Proxy Server", "ComIOP\Wrapper\ProxyServer\UA COM Proxy Server.vcxproj", "{C228B4A7-8A03-4663-AD6C-8B16CE83D4DC}"
	ProjectSection(ProjectDependencies) = postProject
		{24D3C616-ED4C-4AF9-B529-7B418EC8ACC4} = {24D3C616-ED4C-4AF9-B529-7B418EC8ACC4}
		{268AE545-D614-4B66-AEF3-C5B85919AD9D} = {268AE545-D614-4B66-AEF3-C5B85919AD9D}
	EndProjectSection
EndProject
Project("{8BC9CEB8-8B4A-11D0-8D11-00A0C91BC942}") = "UA COM Server Class Library", "ComIOP\Wrapper\Common\OPC Sample Utility Classes.vcxproj", "{268AE545-D614-4B66-AEF3-C5B85919AD9D}"
EndProject
Project("{9A19103F-16F7-4668-BE54-9A1E7A4F7556}") = "Opc.Ua.Core", "Stack\Opc.Ua.Core\Opc.Ua.Core.csproj", "{23EBD274-7FCE-4166-A817-825DD6853EA0}"
EndProject
Project("{9A19103F-16F7-4668-BE54-9A1E7A4F7556}") = "Opc.Ua.Client", "SampleApplications\SDK\Opc.Ua.Client\Opc.Ua.Client.csproj", "{F12C886C-234D-4C11-B7FC-55CC8A290937}"
EndProject
Project("{9A19103F-16F7-4668-BE54-9A1E7A4F7556}") = "Opc.Ua.Configuration", "SampleApplications\SDK\Opc.Ua.Configuration\Opc.Ua.Configuration.csproj", "{1EB627CE-2A5B-429B-9325-64C3382A0741}"
EndProject
Project("{9A19103F-16F7-4668-BE54-9A1E7A4F7556}") = "Opc.Ua.Server", "SampleApplications\SDK\Opc.Ua.Server\Opc.Ua.Server.csproj", "{EAA09C07-35D2-4172-BD4A-C4C8F255D6B5}"
EndProject
Global
	GlobalSection(SolutionConfigurationPlatforms) = preSolution
		Debug|Any CPU = Debug|Any CPU
		Debug|Mixed Platforms = Debug|Mixed Platforms
		Debug|Win32 = Debug|Win32
		Release|Any CPU = Release|Any CPU
		Release|Mixed Platforms = Release|Mixed Platforms
		Release|Win32 = Release|Win32
	EndGlobalSection
	GlobalSection(ProjectConfigurationPlatforms) = postSolution
		{F4805912-A3F9-4045-BC63-01F34A216EE7}.Debug|Any CPU.ActiveCfg = Debug|Any CPU
		{F4805912-A3F9-4045-BC63-01F34A216EE7}.Debug|Any CPU.Build.0 = Debug|Any CPU
		{F4805912-A3F9-4045-BC63-01F34A216EE7}.Debug|Mixed Platforms.ActiveCfg = Debug|Any CPU
		{F4805912-A3F9-4045-BC63-01F34A216EE7}.Debug|Mixed Platforms.Build.0 = Debug|Any CPU
		{F4805912-A3F9-4045-BC63-01F34A216EE7}.Debug|Win32.ActiveCfg = Debug|Any CPU
		{F4805912-A3F9-4045-BC63-01F34A216EE7}.Release|Any CPU.ActiveCfg = Release|Any CPU
		{F4805912-A3F9-4045-BC63-01F34A216EE7}.Release|Any CPU.Build.0 = Release|Any CPU
		{F4805912-A3F9-4045-BC63-01F34A216EE7}.Release|Mixed Platforms.ActiveCfg = Release|Any CPU
		{F4805912-A3F9-4045-BC63-01F34A216EE7}.Release|Mixed Platforms.Build.0 = Release|Any CPU
		{F4805912-A3F9-4045-BC63-01F34A216EE7}.Release|Win32.ActiveCfg = Release|Any CPU
		{24D3C616-ED4C-4AF9-B529-7B418EC8ACC4}.Debug|Any CPU.ActiveCfg = Debug|Any CPU
		{24D3C616-ED4C-4AF9-B529-7B418EC8ACC4}.Debug|Any CPU.Build.0 = Debug|Any CPU
		{24D3C616-ED4C-4AF9-B529-7B418EC8ACC4}.Debug|Mixed Platforms.ActiveCfg = Debug|Any CPU
		{24D3C616-ED4C-4AF9-B529-7B418EC8ACC4}.Debug|Mixed Platforms.Build.0 = Debug|Any CPU
		{24D3C616-ED4C-4AF9-B529-7B418EC8ACC4}.Debug|Win32.ActiveCfg = Debug|Any CPU
		{24D3C616-ED4C-4AF9-B529-7B418EC8ACC4}.Release|Any CPU.ActiveCfg = Release|Any CPU
		{24D3C616-ED4C-4AF9-B529-7B418EC8ACC4}.Release|Any CPU.Build.0 = Release|Any CPU
		{24D3C616-ED4C-4AF9-B529-7B418EC8ACC4}.Release|Mixed Platforms.ActiveCfg = Release|Any CPU
		{24D3C616-ED4C-4AF9-B529-7B418EC8ACC4}.Release|Mixed Platforms.Build.0 = Release|Any CPU
		{24D3C616-ED4C-4AF9-B529-7B418EC8ACC4}.Release|Win32.ActiveCfg = Release|Any CPU
		{C228B4A7-8A03-4663-AD6C-8B16CE83D4DC}.Debug|Any CPU.ActiveCfg = Debug|Win32
		{C228B4A7-8A03-4663-AD6C-8B16CE83D4DC}.Debug|Mixed Platforms.ActiveCfg = Debug|Win32
		{C228B4A7-8A03-4663-AD6C-8B16CE83D4DC}.Debug|Mixed Platforms.Build.0 = Debug|Win32
		{C228B4A7-8A03-4663-AD6C-8B16CE83D4DC}.Debug|Win32.ActiveCfg = Debug|Win32
		{C228B4A7-8A03-4663-AD6C-8B16CE83D4DC}.Debug|Win32.Build.0 = Debug|Win32
		{C228B4A7-8A03-4663-AD6C-8B16CE83D4DC}.Release|Any CPU.ActiveCfg = Release|Win32
		{C228B4A7-8A03-4663-AD6C-8B16CE83D4DC}.Release|Mixed Platforms.ActiveCfg = Release|Win32
		{C228B4A7-8A03-4663-AD6C-8B16CE83D4DC}.Release|Mixed Platforms.Build.0 = Release|Win32
		{C228B4A7-8A03-4663-AD6C-8B16CE83D4DC}.Release|Win32.ActiveCfg = Release|Win32
		{C228B4A7-8A03-4663-AD6C-8B16CE83D4DC}.Release|Win32.Build.0 = Release|Win32
		{268AE545-D614-4B66-AEF3-C5B85919AD9D}.Debug|Any CPU.ActiveCfg = Debug|Win32
		{268AE545-D614-4B66-AEF3-C5B85919AD9D}.Debug|Mixed Platforms.ActiveCfg = Debug|Win32
		{268AE545-D614-4B66-AEF3-C5B85919AD9D}.Debug|Mixed Platforms.Build.0 = Debug|Win32
		{268AE545-D614-4B66-AEF3-C5B85919AD9D}.Debug|Win32.ActiveCfg = Debug|Win32
		{268AE545-D614-4B66-AEF3-C5B85919AD9D}.Debug|Win32.Build.0 = Debug|Win32
		{268AE545-D614-4B66-AEF3-C5B85919AD9D}.Release|Any CPU.ActiveCfg = Release|Win32
		{268AE545-D614-4B66-AEF3-C5B85919AD9D}.Release|Mixed Platforms.ActiveCfg = Release|Win32
		{268AE545-D614-4B66-AEF3-C5B85919AD9D}.Release|Mixed Platforms.Build.0 = Release|Win32
		{268AE545-D614-4B66-AEF3-C5B85919AD9D}.Release|Win32.ActiveCfg = Release|Win32
		{268AE545-D614-4B66-AEF3-C5B85919AD9D}.Release|Win32.Build.0 = Release|Win32
		{23EBD274-7FCE-4166-A817-825DD6853EA0}.Debug|Any CPU.ActiveCfg = Debug|Any CPU
		{23EBD274-7FCE-4166-A817-825DD6853EA0}.Debug|Any CPU.Build.0 = Debug|Any CPU
		{23EBD274-7FCE-4166-A817-825DD6853EA0}.Debug|Mixed Platforms.ActiveCfg = Debug|Any CPU
		{23EBD274-7FCE-4166-A817-825DD6853EA0}.Debug|Mixed Platforms.Build.0 = Debug|Any CPU
		{23EBD274-7FCE-4166-A817-825DD6853EA0}.Debug|Win32.ActiveCfg = Debug|Any CPU
		{23EBD274-7FCE-4166-A817-825DD6853EA0}.Debug|Win32.Build.0 = Debug|Any CPU
		{23EBD274-7FCE-4166-A817-825DD6853EA0}.Release|Any CPU.ActiveCfg = Release|Any CPU
		{23EBD274-7FCE-4166-A817-825DD6853EA0}.Release|Any CPU.Build.0 = Release|Any CPU
		{23EBD274-7FCE-4166-A817-825DD6853EA0}.Release|Mixed Platforms.ActiveCfg = Release|Any CPU
		{23EBD274-7FCE-4166-A817-825DD6853EA0}.Release|Mixed Platforms.Build.0 = Release|Any CPU
		{23EBD274-7FCE-4166-A817-825DD6853EA0}.Release|Win32.ActiveCfg = Release|Any CPU
		{23EBD274-7FCE-4166-A817-825DD6853EA0}.Release|Win32.Build.0 = Release|Any CPU
		{F12C886C-234D-4C11-B7FC-55CC8A290937}.Debug|Any CPU.ActiveCfg = Debug|Any CPU
		{F12C886C-234D-4C11-B7FC-55CC8A290937}.Debug|Any CPU.Build.0 = Debug|Any CPU
		{F12C886C-234D-4C11-B7FC-55CC8A290937}.Debug|Mixed Platforms.ActiveCfg = Debug|Any CPU
		{F12C886C-234D-4C11-B7FC-55CC8A290937}.Debug|Mixed Platforms.Build.0 = Debug|Any CPU
		{F12C886C-234D-4C11-B7FC-55CC8A290937}.Debug|Win32.ActiveCfg = Debug|Any CPU
		{F12C886C-234D-4C11-B7FC-55CC8A290937}.Debug|Win32.Build.0 = Debug|Any CPU
		{F12C886C-234D-4C11-B7FC-55CC8A290937}.Release|Any CPU.ActiveCfg = Release|Any CPU
		{F12C886C-234D-4C11-B7FC-55CC8A290937}.Release|Any CPU.Build.0 = Release|Any CPU
		{F12C886C-234D-4C11-B7FC-55CC8A290937}.Release|Mixed Platforms.ActiveCfg = Release|Any CPU
		{F12C886C-234D-4C11-B7FC-55CC8A290937}.Release|Mixed Platforms.Build.0 = Release|Any CPU
		{F12C886C-234D-4C11-B7FC-55CC8A290937}.Release|Win32.ActiveCfg = Release|Any CPU
		{F12C886C-234D-4C11-B7FC-55CC8A290937}.Release|Win32.Build.0 = Release|Any CPU
		{1EB627CE-2A5B-429B-9325-64C3382A0741}.Debug|Any CPU.ActiveCfg = Debug|Any CPU
		{1EB627CE-2A5B-429B-9325-64C3382A0741}.Debug|Any CPU.Build.0 = Debug|Any CPU
		{1EB627CE-2A5B-429B-9325-64C3382A0741}.Debug|Mixed Platforms.ActiveCfg = Debug|Any CPU
		{1EB627CE-2A5B-429B-9325-64C3382A0741}.Debug|Mixed Platforms.Build.0 = Debug|Any CPU
		{1EB627CE-2A5B-429B-9325-64C3382A0741}.Debug|Win32.ActiveCfg = Debug|Any CPU
		{1EB627CE-2A5B-429B-9325-64C3382A0741}.Debug|Win32.Build.0 = Debug|Any CPU
		{1EB627CE-2A5B-429B-9325-64C3382A0741}.Release|Any CPU.ActiveCfg = Release|Any CPU
		{1EB627CE-2A5B-429B-9325-64C3382A0741}.Release|Any CPU.Build.0 = Release|Any CPU
		{1EB627CE-2A5B-429B-9325-64C3382A0741}.Release|Mixed Platforms.ActiveCfg = Release|Any CPU
		{1EB627CE-2A5B-429B-9325-64C3382A0741}.Release|Mixed Platforms.Build.0 = Release|Any CPU
		{1EB627CE-2A5B-429B-9325-64C3382A0741}.Release|Win32.ActiveCfg = Release|Any CPU
		{1EB627CE-2A5B-429B-9325-64C3382A0741}.Release|Win32.Build.0 = Release|Any CPU
		{EAA09C07-35D2-4172-BD4A-C4C8F255D6B5}.Debug|Any CPU.ActiveCfg = Debug|Any CPU
		{EAA09C07-35D2-4172-BD4A-C4C8F255D6B5}.Debug|Any CPU.Build.0 = Debug|Any CPU
		{EAA09C07-35D2-4172-BD4A-C4C8F255D6B5}.Debug|Mixed Platforms.ActiveCfg = Debug|Any CPU
		{EAA09C07-35D2-4172-BD4A-C4C8F255D6B5}.Debug|Mixed Platforms.Build.0 = Debug|Any CPU
		{EAA09C07-35D2-4172-BD4A-C4C8F255D6B5}.Debug|Win32.ActiveCfg = Debug|Any CPU
		{EAA09C07-35D2-4172-BD4A-C4C8F255D6B5}.Debug|Win32.Build.0 = Debug|Any CPU
		{EAA09C07-35D2-4172-BD4A-C4C8F255D6B5}.Release|Any CPU.ActiveCfg = Release|Any CPU
		{EAA09C07-35D2-4172-BD4A-C4C8F255D6B5}.Release|Any CPU.Build.0 = Release|Any CPU
		{EAA09C07-35D2-4172-BD4A-C4C8F255D6B5}.Release|Mixed Platforms.ActiveCfg = Release|Any CPU
		{EAA09C07-35D2-4172-BD4A-C4C8F255D6B5}.Release|Mixed Platforms.Build.0 = Release|Any CPU
		{EAA09C07-35D2-4172-BD4A-C4C8F255D6B5}.Release|Win32.ActiveCfg = Release|Any CPU
		{EAA09C07-35D2-4172-BD4A-C4C8F255D6B5}.Release|Win32.Build.0 = Release|Any CPU
	EndGlobalSection
	GlobalSection(SolutionProperties) = preSolution
		HideSolutionNode = FALSE
	EndGlobalSection
EndGlobal
