
Microsoft Visual Studio Solution File, Format Version 12.00
# Visual Studio 15
VisualStudioVersion = 15.0.26730.16
MinimumVisualStudioVersion = 10.0.40219.1
Project("{9A19103F-16F7-4668-BE54-9A1E7A4F7556}") = "Opc.Ua.Core", "Stack\Opc.Ua.Core\Opc.Ua.Core.csproj", "{761E1EB7-59FB-4D77-8AB3-986B623535C8}"
EndProject
Project("{FAE04EC0-301F-11D3-BF4B-00C04F79EFBC}") = "UA Server Controls", "SampleApplications\Samples\ServerControls.Net4\UA Server Controls.csproj", "{80056988-44E7-4EF4-9F59-50BCF215CB03}"
EndProject
Project("{FAE04EC0-301F-11D3-BF4B-00C04F79EFBC}") = "UA Client Controls", "SampleApplications\Samples\ClientControls.Net4\UA Client Controls.csproj", "{A247D2EE-14FC-463D-A9BA-6CFF1EF22B7A}"
EndProject
Project("{9A19103F-16F7-4668-BE54-9A1E7A4F7556}") = "Opc.Ua.Configuration", "SampleApplications\SDK\Opc.Ua.Configuration\Opc.Ua.Configuration.csproj", "{B6789847-E597-4FF8-8849-80E04D756251}"
EndProject
Project("{9A19103F-16F7-4668-BE54-9A1E7A4F7556}") = "Opc.Ua.Server", "SampleApplications\SDK\Opc.Ua.Server\Opc.Ua.Server.csproj", "{5F871952-F62D-424C-B8AD-964931460B3E}"
EndProject
Project("{9A19103F-16F7-4668-BE54-9A1E7A4F7556}") = "Opc.Ua.Client", "SampleApplications\SDK\Opc.Ua.Client\Opc.Ua.Client.csproj", "{72D92985-2B09-409C-8573-35DB1BEA370C}"
EndProject
Project("{9A19103F-16F7-4668-BE54-9A1E7A4F7556}") = "GlobalDiscoveryLibrary", "SampleApplications\Samples\GDS\Common\GlobalDiscoveryLibrary.csproj", "{5A647CC0-5FD8-476B-8C14-8A9CED9CF5BE}"
EndProject
Project("{FAE04EC0-301F-11D3-BF4B-00C04F79EFBC}") = "GlobalDiscoveryClientControls", "SampleApplications\Samples\GDS\ClientControls\GlobalDiscoveryClientControls.csproj", "{228EC503-2E77-45C9-87AC-3BB312E43196}"
EndProject
Project("{FAE04EC0-301F-11D3-BF4B-00C04F79EFBC}") = "GlobalDiscoveryServer", "SampleApplications\Samples\GDS\Server\GlobalDiscoveryServer.csproj", "{2E23571F-9987-4EBD-A9FD-5D5DD639E071}"
EndProject
Project("{FAE04EC0-301F-11D3-BF4B-00C04F79EFBC}") = "GlobalDiscoveryClient", "SampleApplications\Samples\GDS\Client\GlobalDiscoveryClient.csproj", "{2ADA8796-AC1F-4031-9162-D4ED79D828AF}"
EndProject
Global
	GlobalSection(SolutionConfigurationPlatforms) = preSolution
		Debug|Any CPU = Debug|Any CPU
		Release|Any CPU = Release|Any CPU
	EndGlobalSection
	GlobalSection(ProjectConfigurationPlatforms) = postSolution
		{761E1EB7-59FB-4D77-8AB3-986B623535C8}.Debug|Any CPU.ActiveCfg = Debug|Any CPU
		{761E1EB7-59FB-4D77-8AB3-986B623535C8}.Debug|Any CPU.Build.0 = Debug|Any CPU
		{761E1EB7-59FB-4D77-8AB3-986B623535C8}.Release|Any CPU.ActiveCfg = Release|Any CPU
		{761E1EB7-59FB-4D77-8AB3-986B623535C8}.Release|Any CPU.Build.0 = Release|Any CPU
		{80056988-44E7-4EF4-9F59-50BCF215CB03}.Debug|Any CPU.ActiveCfg = Debug|Any CPU
		{80056988-44E7-4EF4-9F59-50BCF215CB03}.Debug|Any CPU.Build.0 = Debug|Any CPU
		{80056988-44E7-4EF4-9F59-50BCF215CB03}.Release|Any CPU.ActiveCfg = Release|Any CPU
		{80056988-44E7-4EF4-9F59-50BCF215CB03}.Release|Any CPU.Build.0 = Release|Any CPU
		{A247D2EE-14FC-463D-A9BA-6CFF1EF22B7A}.Debug|Any CPU.ActiveCfg = Debug|Any CPU
		{A247D2EE-14FC-463D-A9BA-6CFF1EF22B7A}.Debug|Any CPU.Build.0 = Debug|Any CPU
		{A247D2EE-14FC-463D-A9BA-6CFF1EF22B7A}.Release|Any CPU.ActiveCfg = Release|Any CPU
		{A247D2EE-14FC-463D-A9BA-6CFF1EF22B7A}.Release|Any CPU.Build.0 = Release|Any CPU
		{B6789847-E597-4FF8-8849-80E04D756251}.Debug|Any CPU.ActiveCfg = Debug|Any CPU
		{B6789847-E597-4FF8-8849-80E04D756251}.Debug|Any CPU.Build.0 = Debug|Any CPU
		{B6789847-E597-4FF8-8849-80E04D756251}.Release|Any CPU.ActiveCfg = Release|Any CPU
		{B6789847-E597-4FF8-8849-80E04D756251}.Release|Any CPU.Build.0 = Release|Any CPU
		{5F871952-F62D-424C-B8AD-964931460B3E}.Debug|Any CPU.ActiveCfg = Debug|Any CPU
		{5F871952-F62D-424C-B8AD-964931460B3E}.Debug|Any CPU.Build.0 = Debug|Any CPU
		{5F871952-F62D-424C-B8AD-964931460B3E}.Release|Any CPU.ActiveCfg = Release|Any CPU
		{5F871952-F62D-424C-B8AD-964931460B3E}.Release|Any CPU.Build.0 = Release|Any CPU
		{72D92985-2B09-409C-8573-35DB1BEA370C}.Debug|Any CPU.ActiveCfg = Debug|Any CPU
		{72D92985-2B09-409C-8573-35DB1BEA370C}.Debug|Any CPU.Build.0 = Debug|Any CPU
		{72D92985-2B09-409C-8573-35DB1BEA370C}.Release|Any CPU.ActiveCfg = Release|Any CPU
		{72D92985-2B09-409C-8573-35DB1BEA370C}.Release|Any CPU.Build.0 = Release|Any CPU
		{5A647CC0-5FD8-476B-8C14-8A9CED9CF5BE}.Debug|Any CPU.ActiveCfg = Debug|Any CPU
		{5A647CC0-5FD8-476B-8C14-8A9CED9CF5BE}.Debug|Any CPU.Build.0 = Debug|Any CPU
		{5A647CC0-5FD8-476B-8C14-8A9CED9CF5BE}.Release|Any CPU.ActiveCfg = Release|Any CPU
		{5A647CC0-5FD8-476B-8C14-8A9CED9CF5BE}.Release|Any CPU.Build.0 = Release|Any CPU
		{228EC503-2E77-45C9-87AC-3BB312E43196}.Debug|Any CPU.ActiveCfg = Debug|Any CPU
		{228EC503-2E77-45C9-87AC-3BB312E43196}.Debug|Any CPU.Build.0 = Debug|Any CPU
		{228EC503-2E77-45C9-87AC-3BB312E43196}.Release|Any CPU.ActiveCfg = Release|Any CPU
		{228EC503-2E77-45C9-87AC-3BB312E43196}.Release|Any CPU.Build.0 = Release|Any CPU
		{2E23571F-9987-4EBD-A9FD-5D5DD639E071}.Debug|Any CPU.ActiveCfg = Debug|Any CPU
		{2E23571F-9987-4EBD-A9FD-5D5DD639E071}.Debug|Any CPU.Build.0 = Debug|Any CPU
		{2E23571F-9987-4EBD-A9FD-5D5DD639E071}.Release|Any CPU.ActiveCfg = Release|Any CPU
		{2E23571F-9987-4EBD-A9FD-5D5DD639E071}.Release|Any CPU.Build.0 = Release|Any CPU
		{2ADA8796-AC1F-4031-9162-D4ED79D828AF}.Debug|Any CPU.ActiveCfg = Debug|Any CPU
		{2ADA8796-AC1F-4031-9162-D4ED79D828AF}.Debug|Any CPU.Build.0 = Debug|Any CPU
		{2ADA8796-AC1F-4031-9162-D4ED79D828AF}.Release|Any CPU.ActiveCfg = Release|Any CPU
		{2ADA8796-AC1F-4031-9162-D4ED79D828AF}.Release|Any CPU.Build.0 = Release|Any CPU
	EndGlobalSection
	GlobalSection(SolutionProperties) = preSolution
		HideSolutionNode = FALSE
	EndGlobalSection
	GlobalSection(ExtensibilityGlobals) = postSolution
		SolutionGuid = {DE62BD21-9127-40A3-88D6-357E316BBFE9}
	EndGlobalSection
EndGlobal
