
Microsoft Visual Studio Solution File, Format Version 12.00
# Visual Studio 15
VisualStudioVersion = 15.0.27130.2027
MinimumVisualStudioVersion = 10.0.40219.1
Project("{9A19103F-16F7-4668-BE54-9A1E7A4F7556}") = "UA Xamarin Client", "SampleApplications\Samples\XamarinClient\XamarinClient\UA Xamarin Client.csproj", "{DB37E16B-B2AF-43CB-A7E9-753EDD4F77C5}"
EndProject
Project("{FAE04EC0-301F-11D3-BF4B-00C04F79EFBC}") = "UA Xamarin Client.iOS", "SampleApplications\Samples\XamarinClient\XamarinClient.iOS\UA Xamarin Client.iOS.csproj", "{9910F67A-D3EC-41DC-B67B-1E16A5E1338F}"
EndProject
Project("{FAE04EC0-301F-11D3-BF4B-00C04F79EFBC}") = "UA Xamarin Client.Android", "SampleApplications\Samples\XamarinClient\XamarinClient.Android\UA Xamarin Client.Android.csproj", "{F7FE6E6A-A37D-48AF-84D5-60727679D973}"
EndProject
Project("{FAE04EC0-301F-11D3-BF4B-00C04F79EFBC}") = "UA Xamarin Client.UWP", "SampleApplications\Samples\XamarinClient\XamarinClient.UWP\UA Xamarin Client.UWP.csproj", "{F71BCE6C-4071-42A8-894F-185AFD3427A4}"
EndProject
Project("{9A19103F-16F7-4668-BE54-9A1E7A4F7556}") = "Opc.Ua.Core", "Stack\Opc.Ua.Core\Opc.Ua.Core.csproj", "{1E3AB933-85E8-452A-81A5-9A61F77B3DEF}"
EndProject
Project("{9A19103F-16F7-4668-BE54-9A1E7A4F7556}") = "Opc.Ua.Client", "SampleApplications\SDK\Opc.Ua.Client\Opc.Ua.Client.csproj", "{59F985D0-F137-41AF-BC17-2D58CDA61465}"
EndProject
Project("{9A19103F-16F7-4668-BE54-9A1E7A4F7556}") = "Opc.Ua.Configuration", "SampleApplications\SDK\Opc.Ua.Configuration\Opc.Ua.Configuration.csproj", "{B46D3B1B-ADD2-47A2-A251-ABDD43ACBD80}"
EndProject
Global
	GlobalSection(SolutionConfigurationPlatforms) = preSolution
		Ad-Hoc|Any CPU = Ad-Hoc|Any CPU
		Ad-Hoc|ARM = Ad-Hoc|ARM
		Ad-Hoc|iPhone = Ad-Hoc|iPhone
		Ad-Hoc|iPhoneSimulator = Ad-Hoc|iPhoneSimulator
		Ad-Hoc|x64 = Ad-Hoc|x64
		Ad-Hoc|x86 = Ad-Hoc|x86
		AppStore|Any CPU = AppStore|Any CPU
		AppStore|ARM = AppStore|ARM
		AppStore|iPhone = AppStore|iPhone
		AppStore|iPhoneSimulator = AppStore|iPhoneSimulator
		AppStore|x64 = AppStore|x64
		AppStore|x86 = AppStore|x86
		Debug|Any CPU = Debug|Any CPU
		Debug|ARM = Debug|ARM
		Debug|iPhone = Debug|iPhone
		Debug|iPhoneSimulator = Debug|iPhoneSimulator
		Debug|x64 = Debug|x64
		Debug|x86 = Debug|x86
		Release|Any CPU = Release|Any CPU
		Release|ARM = Release|ARM
		Release|iPhone = Release|iPhone
		Release|iPhoneSimulator = Release|iPhoneSimulator
		Release|x64 = Release|x64
		Release|x86 = Release|x86
	EndGlobalSection
	GlobalSection(ProjectConfigurationPlatforms) = postSolution
		{DB37E16B-B2AF-43CB-A7E9-753EDD4F77C5}.Ad-Hoc|Any CPU.ActiveCfg = Debug|Any CPU
		{DB37E16B-B2AF-43CB-A7E9-753EDD4F77C5}.Ad-Hoc|Any CPU.Build.0 = Debug|Any CPU
		{DB37E16B-B2AF-43CB-A7E9-753EDD4F77C5}.Ad-Hoc|ARM.ActiveCfg = Debug|Any CPU
		{DB37E16B-B2AF-43CB-A7E9-753EDD4F77C5}.Ad-Hoc|ARM.Build.0 = Debug|Any CPU
		{DB37E16B-B2AF-43CB-A7E9-753EDD4F77C5}.Ad-Hoc|iPhone.ActiveCfg = Debug|Any CPU
		{DB37E16B-B2AF-43CB-A7E9-753EDD4F77C5}.Ad-Hoc|iPhone.Build.0 = Debug|Any CPU
		{DB37E16B-B2AF-43CB-A7E9-753EDD4F77C5}.Ad-Hoc|iPhoneSimulator.ActiveCfg = Debug|Any CPU
		{DB37E16B-B2AF-43CB-A7E9-753EDD4F77C5}.Ad-Hoc|iPhoneSimulator.Build.0 = Debug|Any CPU
		{DB37E16B-B2AF-43CB-A7E9-753EDD4F77C5}.Ad-Hoc|x64.ActiveCfg = Debug|Any CPU
		{DB37E16B-B2AF-43CB-A7E9-753EDD4F77C5}.Ad-Hoc|x64.Build.0 = Debug|Any CPU
		{DB37E16B-B2AF-43CB-A7E9-753EDD4F77C5}.Ad-Hoc|x86.ActiveCfg = Debug|Any CPU
		{DB37E16B-B2AF-43CB-A7E9-753EDD4F77C5}.Ad-Hoc|x86.Build.0 = Debug|Any CPU
		{DB37E16B-B2AF-43CB-A7E9-753EDD4F77C5}.AppStore|Any CPU.ActiveCfg = Debug|Any CPU
		{DB37E16B-B2AF-43CB-A7E9-753EDD4F77C5}.AppStore|Any CPU.Build.0 = Debug|Any CPU
		{DB37E16B-B2AF-43CB-A7E9-753EDD4F77C5}.AppStore|ARM.ActiveCfg = Debug|Any CPU
		{DB37E16B-B2AF-43CB-A7E9-753EDD4F77C5}.AppStore|ARM.Build.0 = Debug|Any CPU
		{DB37E16B-B2AF-43CB-A7E9-753EDD4F77C5}.AppStore|iPhone.ActiveCfg = Debug|Any CPU
		{DB37E16B-B2AF-43CB-A7E9-753EDD4F77C5}.AppStore|iPhone.Build.0 = Debug|Any CPU
		{DB37E16B-B2AF-43CB-A7E9-753EDD4F77C5}.AppStore|iPhoneSimulator.ActiveCfg = Debug|Any CPU
		{DB37E16B-B2AF-43CB-A7E9-753EDD4F77C5}.AppStore|iPhoneSimulator.Build.0 = Debug|Any CPU
		{DB37E16B-B2AF-43CB-A7E9-753EDD4F77C5}.AppStore|x64.ActiveCfg = Debug|Any CPU
		{DB37E16B-B2AF-43CB-A7E9-753EDD4F77C5}.AppStore|x64.Build.0 = Debug|Any CPU
		{DB37E16B-B2AF-43CB-A7E9-753EDD4F77C5}.AppStore|x86.ActiveCfg = Debug|Any CPU
		{DB37E16B-B2AF-43CB-A7E9-753EDD4F77C5}.AppStore|x86.Build.0 = Debug|Any CPU
		{DB37E16B-B2AF-43CB-A7E9-753EDD4F77C5}.Debug|Any CPU.ActiveCfg = Debug|Any CPU
		{DB37E16B-B2AF-43CB-A7E9-753EDD4F77C5}.Debug|Any CPU.Build.0 = Debug|Any CPU
		{DB37E16B-B2AF-43CB-A7E9-753EDD4F77C5}.Debug|ARM.ActiveCfg = Debug|Any CPU
		{DB37E16B-B2AF-43CB-A7E9-753EDD4F77C5}.Debug|ARM.Build.0 = Debug|Any CPU
		{DB37E16B-B2AF-43CB-A7E9-753EDD4F77C5}.Debug|iPhone.ActiveCfg = Debug|Any CPU
		{DB37E16B-B2AF-43CB-A7E9-753EDD4F77C5}.Debug|iPhone.Build.0 = Debug|Any CPU
		{DB37E16B-B2AF-43CB-A7E9-753EDD4F77C5}.Debug|iPhoneSimulator.ActiveCfg = Debug|Any CPU
		{DB37E16B-B2AF-43CB-A7E9-753EDD4F77C5}.Debug|iPhoneSimulator.Build.0 = Debug|Any CPU
		{DB37E16B-B2AF-43CB-A7E9-753EDD4F77C5}.Debug|x64.ActiveCfg = Debug|Any CPU
		{DB37E16B-B2AF-43CB-A7E9-753EDD4F77C5}.Debug|x64.Build.0 = Debug|Any CPU
		{DB37E16B-B2AF-43CB-A7E9-753EDD4F77C5}.Debug|x86.ActiveCfg = Debug|Any CPU
		{DB37E16B-B2AF-43CB-A7E9-753EDD4F77C5}.Debug|x86.Build.0 = Debug|Any CPU
		{DB37E16B-B2AF-43CB-A7E9-753EDD4F77C5}.Release|Any CPU.ActiveCfg = Release|Any CPU
		{DB37E16B-B2AF-43CB-A7E9-753EDD4F77C5}.Release|Any CPU.Build.0 = Release|Any CPU
		{DB37E16B-B2AF-43CB-A7E9-753EDD4F77C5}.Release|ARM.ActiveCfg = Release|Any CPU
		{DB37E16B-B2AF-43CB-A7E9-753EDD4F77C5}.Release|ARM.Build.0 = Release|Any CPU
		{DB37E16B-B2AF-43CB-A7E9-753EDD4F77C5}.Release|iPhone.ActiveCfg = Release|Any CPU
		{DB37E16B-B2AF-43CB-A7E9-753EDD4F77C5}.Release|iPhone.Build.0 = Release|Any CPU
		{DB37E16B-B2AF-43CB-A7E9-753EDD4F77C5}.Release|iPhoneSimulator.ActiveCfg = Release|Any CPU
		{DB37E16B-B2AF-43CB-A7E9-753EDD4F77C5}.Release|iPhoneSimulator.Build.0 = Release|Any CPU
		{DB37E16B-B2AF-43CB-A7E9-753EDD4F77C5}.Release|x64.ActiveCfg = Release|Any CPU
		{DB37E16B-B2AF-43CB-A7E9-753EDD4F77C5}.Release|x64.Build.0 = Release|Any CPU
		{DB37E16B-B2AF-43CB-A7E9-753EDD4F77C5}.Release|x86.ActiveCfg = Release|Any CPU
		{DB37E16B-B2AF-43CB-A7E9-753EDD4F77C5}.Release|x86.Build.0 = Release|Any CPU
		{9910F67A-D3EC-41DC-B67B-1E16A5E1338F}.Ad-Hoc|Any CPU.ActiveCfg = Ad-Hoc|iPhone
		{9910F67A-D3EC-41DC-B67B-1E16A5E1338F}.Ad-Hoc|ARM.ActiveCfg = Ad-Hoc|iPhone
		{9910F67A-D3EC-41DC-B67B-1E16A5E1338F}.Ad-Hoc|iPhone.ActiveCfg = Ad-Hoc|iPhone
		{9910F67A-D3EC-41DC-B67B-1E16A5E1338F}.Ad-Hoc|iPhone.Build.0 = Ad-Hoc|iPhone
		{9910F67A-D3EC-41DC-B67B-1E16A5E1338F}.Ad-Hoc|iPhoneSimulator.ActiveCfg = Ad-Hoc|iPhoneSimulator
		{9910F67A-D3EC-41DC-B67B-1E16A5E1338F}.Ad-Hoc|iPhoneSimulator.Build.0 = Ad-Hoc|iPhoneSimulator
		{9910F67A-D3EC-41DC-B67B-1E16A5E1338F}.Ad-Hoc|x64.ActiveCfg = Ad-Hoc|iPhone
		{9910F67A-D3EC-41DC-B67B-1E16A5E1338F}.Ad-Hoc|x86.ActiveCfg = Ad-Hoc|iPhone
		{9910F67A-D3EC-41DC-B67B-1E16A5E1338F}.AppStore|Any CPU.ActiveCfg = AppStore|iPhone
		{9910F67A-D3EC-41DC-B67B-1E16A5E1338F}.AppStore|ARM.ActiveCfg = AppStore|iPhone
		{9910F67A-D3EC-41DC-B67B-1E16A5E1338F}.AppStore|iPhone.ActiveCfg = AppStore|iPhone
		{9910F67A-D3EC-41DC-B67B-1E16A5E1338F}.AppStore|iPhone.Build.0 = AppStore|iPhone
		{9910F67A-D3EC-41DC-B67B-1E16A5E1338F}.AppStore|iPhoneSimulator.ActiveCfg = AppStore|iPhoneSimulator
		{9910F67A-D3EC-41DC-B67B-1E16A5E1338F}.AppStore|iPhoneSimulator.Build.0 = AppStore|iPhoneSimulator
		{9910F67A-D3EC-41DC-B67B-1E16A5E1338F}.AppStore|x64.ActiveCfg = AppStore|iPhone
		{9910F67A-D3EC-41DC-B67B-1E16A5E1338F}.AppStore|x86.ActiveCfg = AppStore|iPhone
		{9910F67A-D3EC-41DC-B67B-1E16A5E1338F}.Debug|Any CPU.ActiveCfg = Debug|iPhone
		{9910F67A-D3EC-41DC-B67B-1E16A5E1338F}.Debug|ARM.ActiveCfg = Debug|iPhone
		{9910F67A-D3EC-41DC-B67B-1E16A5E1338F}.Debug|iPhone.ActiveCfg = Debug|iPhone
		{9910F67A-D3EC-41DC-B67B-1E16A5E1338F}.Debug|iPhone.Build.0 = Debug|iPhone
		{9910F67A-D3EC-41DC-B67B-1E16A5E1338F}.Debug|iPhoneSimulator.ActiveCfg = Debug|iPhoneSimulator
		{9910F67A-D3EC-41DC-B67B-1E16A5E1338F}.Debug|iPhoneSimulator.Build.0 = Debug|iPhoneSimulator
		{9910F67A-D3EC-41DC-B67B-1E16A5E1338F}.Debug|x64.ActiveCfg = Debug|iPhone
		{9910F67A-D3EC-41DC-B67B-1E16A5E1338F}.Debug|x86.ActiveCfg = Debug|iPhone
		{9910F67A-D3EC-41DC-B67B-1E16A5E1338F}.Release|Any CPU.ActiveCfg = Release|iPhone
		{9910F67A-D3EC-41DC-B67B-1E16A5E1338F}.Release|ARM.ActiveCfg = Release|iPhone
		{9910F67A-D3EC-41DC-B67B-1E16A5E1338F}.Release|iPhone.ActiveCfg = Release|iPhone
		{9910F67A-D3EC-41DC-B67B-1E16A5E1338F}.Release|iPhone.Build.0 = Release|iPhone
		{9910F67A-D3EC-41DC-B67B-1E16A5E1338F}.Release|iPhoneSimulator.ActiveCfg = Release|iPhoneSimulator
		{9910F67A-D3EC-41DC-B67B-1E16A5E1338F}.Release|iPhoneSimulator.Build.0 = Release|iPhoneSimulator
		{9910F67A-D3EC-41DC-B67B-1E16A5E1338F}.Release|x64.ActiveCfg = Release|iPhone
		{9910F67A-D3EC-41DC-B67B-1E16A5E1338F}.Release|x86.ActiveCfg = Release|iPhone
		{F7FE6E6A-A37D-48AF-84D5-60727679D973}.Ad-Hoc|Any CPU.ActiveCfg = Release|Any CPU
		{F7FE6E6A-A37D-48AF-84D5-60727679D973}.Ad-Hoc|Any CPU.Build.0 = Release|Any CPU
		{F7FE6E6A-A37D-48AF-84D5-60727679D973}.Ad-Hoc|Any CPU.Deploy.0 = Release|Any CPU
		{F7FE6E6A-A37D-48AF-84D5-60727679D973}.Ad-Hoc|ARM.ActiveCfg = Release|Any CPU
		{F7FE6E6A-A37D-48AF-84D5-60727679D973}.Ad-Hoc|ARM.Build.0 = Release|Any CPU
		{F7FE6E6A-A37D-48AF-84D5-60727679D973}.Ad-Hoc|ARM.Deploy.0 = Release|Any CPU
		{F7FE6E6A-A37D-48AF-84D5-60727679D973}.Ad-Hoc|iPhone.ActiveCfg = Release|Any CPU
		{F7FE6E6A-A37D-48AF-84D5-60727679D973}.Ad-Hoc|iPhone.Build.0 = Release|Any CPU
		{F7FE6E6A-A37D-48AF-84D5-60727679D973}.Ad-Hoc|iPhone.Deploy.0 = Release|Any CPU
		{F7FE6E6A-A37D-48AF-84D5-60727679D973}.Ad-Hoc|iPhoneSimulator.ActiveCfg = Release|Any CPU
		{F7FE6E6A-A37D-48AF-84D5-60727679D973}.Ad-Hoc|iPhoneSimulator.Build.0 = Release|Any CPU
		{F7FE6E6A-A37D-48AF-84D5-60727679D973}.Ad-Hoc|iPhoneSimulator.Deploy.0 = Release|Any CPU
		{F7FE6E6A-A37D-48AF-84D5-60727679D973}.Ad-Hoc|x64.ActiveCfg = Release|Any CPU
		{F7FE6E6A-A37D-48AF-84D5-60727679D973}.Ad-Hoc|x64.Build.0 = Release|Any CPU
		{F7FE6E6A-A37D-48AF-84D5-60727679D973}.Ad-Hoc|x64.Deploy.0 = Release|Any CPU
		{F7FE6E6A-A37D-48AF-84D5-60727679D973}.Ad-Hoc|x86.ActiveCfg = Release|Any CPU
		{F7FE6E6A-A37D-48AF-84D5-60727679D973}.Ad-Hoc|x86.Build.0 = Release|Any CPU
		{F7FE6E6A-A37D-48AF-84D5-60727679D973}.Ad-Hoc|x86.Deploy.0 = Release|Any CPU
		{F7FE6E6A-A37D-48AF-84D5-60727679D973}.AppStore|Any CPU.ActiveCfg = Release|Any CPU
		{F7FE6E6A-A37D-48AF-84D5-60727679D973}.AppStore|Any CPU.Build.0 = Release|Any CPU
		{F7FE6E6A-A37D-48AF-84D5-60727679D973}.AppStore|Any CPU.Deploy.0 = Release|Any CPU
		{F7FE6E6A-A37D-48AF-84D5-60727679D973}.AppStore|ARM.ActiveCfg = Release|Any CPU
		{F7FE6E6A-A37D-48AF-84D5-60727679D973}.AppStore|ARM.Build.0 = Release|Any CPU
		{F7FE6E6A-A37D-48AF-84D5-60727679D973}.AppStore|ARM.Deploy.0 = Release|Any CPU
		{F7FE6E6A-A37D-48AF-84D5-60727679D973}.AppStore|iPhone.ActiveCfg = Release|Any CPU
		{F7FE6E6A-A37D-48AF-84D5-60727679D973}.AppStore|iPhone.Build.0 = Release|Any CPU
		{F7FE6E6A-A37D-48AF-84D5-60727679D973}.AppStore|iPhone.Deploy.0 = Release|Any CPU
		{F7FE6E6A-A37D-48AF-84D5-60727679D973}.AppStore|iPhoneSimulator.ActiveCfg = Release|Any CPU
		{F7FE6E6A-A37D-48AF-84D5-60727679D973}.AppStore|iPhoneSimulator.Build.0 = Release|Any CPU
		{F7FE6E6A-A37D-48AF-84D5-60727679D973}.AppStore|iPhoneSimulator.Deploy.0 = Release|Any CPU
		{F7FE6E6A-A37D-48AF-84D5-60727679D973}.AppStore|x64.ActiveCfg = Release|Any CPU
		{F7FE6E6A-A37D-48AF-84D5-60727679D973}.AppStore|x64.Build.0 = Release|Any CPU
		{F7FE6E6A-A37D-48AF-84D5-60727679D973}.AppStore|x64.Deploy.0 = Release|Any CPU
		{F7FE6E6A-A37D-48AF-84D5-60727679D973}.AppStore|x86.ActiveCfg = Release|Any CPU
		{F7FE6E6A-A37D-48AF-84D5-60727679D973}.AppStore|x86.Build.0 = Release|Any CPU
		{F7FE6E6A-A37D-48AF-84D5-60727679D973}.AppStore|x86.Deploy.0 = Release|Any CPU
		{F7FE6E6A-A37D-48AF-84D5-60727679D973}.Debug|Any CPU.ActiveCfg = Debug|Any CPU
		{F7FE6E6A-A37D-48AF-84D5-60727679D973}.Debug|Any CPU.Build.0 = Debug|Any CPU
		{F7FE6E6A-A37D-48AF-84D5-60727679D973}.Debug|Any CPU.Deploy.0 = Debug|Any CPU
		{F7FE6E6A-A37D-48AF-84D5-60727679D973}.Debug|ARM.ActiveCfg = Debug|Any CPU
		{F7FE6E6A-A37D-48AF-84D5-60727679D973}.Debug|ARM.Build.0 = Debug|Any CPU
		{F7FE6E6A-A37D-48AF-84D5-60727679D973}.Debug|ARM.Deploy.0 = Debug|Any CPU
		{F7FE6E6A-A37D-48AF-84D5-60727679D973}.Debug|iPhone.ActiveCfg = Debug|Any CPU
		{F7FE6E6A-A37D-48AF-84D5-60727679D973}.Debug|iPhone.Build.0 = Debug|Any CPU
		{F7FE6E6A-A37D-48AF-84D5-60727679D973}.Debug|iPhone.Deploy.0 = Debug|Any CPU
		{F7FE6E6A-A37D-48AF-84D5-60727679D973}.Debug|iPhoneSimulator.ActiveCfg = Debug|Any CPU
		{F7FE6E6A-A37D-48AF-84D5-60727679D973}.Debug|iPhoneSimulator.Build.0 = Debug|Any CPU
		{F7FE6E6A-A37D-48AF-84D5-60727679D973}.Debug|iPhoneSimulator.Deploy.0 = Debug|Any CPU
		{F7FE6E6A-A37D-48AF-84D5-60727679D973}.Debug|x64.ActiveCfg = Debug|Any CPU
		{F7FE6E6A-A37D-48AF-84D5-60727679D973}.Debug|x64.Build.0 = Debug|Any CPU
		{F7FE6E6A-A37D-48AF-84D5-60727679D973}.Debug|x64.Deploy.0 = Debug|Any CPU
		{F7FE6E6A-A37D-48AF-84D5-60727679D973}.Debug|x86.ActiveCfg = Debug|Any CPU
		{F7FE6E6A-A37D-48AF-84D5-60727679D973}.Debug|x86.Build.0 = Debug|Any CPU
		{F7FE6E6A-A37D-48AF-84D5-60727679D973}.Debug|x86.Deploy.0 = Debug|Any CPU
		{F7FE6E6A-A37D-48AF-84D5-60727679D973}.Release|Any CPU.ActiveCfg = Release|Any CPU
		{F7FE6E6A-A37D-48AF-84D5-60727679D973}.Release|Any CPU.Build.0 = Release|Any CPU
		{F7FE6E6A-A37D-48AF-84D5-60727679D973}.Release|Any CPU.Deploy.0 = Release|Any CPU
		{F7FE6E6A-A37D-48AF-84D5-60727679D973}.Release|ARM.ActiveCfg = Release|Any CPU
		{F7FE6E6A-A37D-48AF-84D5-60727679D973}.Release|ARM.Build.0 = Release|Any CPU
		{F7FE6E6A-A37D-48AF-84D5-60727679D973}.Release|ARM.Deploy.0 = Release|Any CPU
		{F7FE6E6A-A37D-48AF-84D5-60727679D973}.Release|iPhone.ActiveCfg = Release|Any CPU
		{F7FE6E6A-A37D-48AF-84D5-60727679D973}.Release|iPhone.Build.0 = Release|Any CPU
		{F7FE6E6A-A37D-48AF-84D5-60727679D973}.Release|iPhone.Deploy.0 = Release|Any CPU
		{F7FE6E6A-A37D-48AF-84D5-60727679D973}.Release|iPhoneSimulator.ActiveCfg = Release|Any CPU
		{F7FE6E6A-A37D-48AF-84D5-60727679D973}.Release|iPhoneSimulator.Build.0 = Release|Any CPU
		{F7FE6E6A-A37D-48AF-84D5-60727679D973}.Release|iPhoneSimulator.Deploy.0 = Release|Any CPU
		{F7FE6E6A-A37D-48AF-84D5-60727679D973}.Release|x64.ActiveCfg = Release|Any CPU
		{F7FE6E6A-A37D-48AF-84D5-60727679D973}.Release|x64.Build.0 = Release|Any CPU
		{F7FE6E6A-A37D-48AF-84D5-60727679D973}.Release|x64.Deploy.0 = Release|Any CPU
		{F7FE6E6A-A37D-48AF-84D5-60727679D973}.Release|x86.ActiveCfg = Release|Any CPU
		{F7FE6E6A-A37D-48AF-84D5-60727679D973}.Release|x86.Build.0 = Release|Any CPU
		{F7FE6E6A-A37D-48AF-84D5-60727679D973}.Release|x86.Deploy.0 = Release|Any CPU
		{F71BCE6C-4071-42A8-894F-185AFD3427A4}.Ad-Hoc|Any CPU.ActiveCfg = Release|x86
		{F71BCE6C-4071-42A8-894F-185AFD3427A4}.Ad-Hoc|Any CPU.Build.0 = Release|x86
		{F71BCE6C-4071-42A8-894F-185AFD3427A4}.Ad-Hoc|Any CPU.Deploy.0 = Release|x86
		{F71BCE6C-4071-42A8-894F-185AFD3427A4}.Ad-Hoc|ARM.ActiveCfg = Release|ARM
		{F71BCE6C-4071-42A8-894F-185AFD3427A4}.Ad-Hoc|ARM.Build.0 = Release|ARM
		{F71BCE6C-4071-42A8-894F-185AFD3427A4}.Ad-Hoc|ARM.Deploy.0 = Release|ARM
		{F71BCE6C-4071-42A8-894F-185AFD3427A4}.Ad-Hoc|iPhone.ActiveCfg = Release|x86
		{F71BCE6C-4071-42A8-894F-185AFD3427A4}.Ad-Hoc|iPhone.Build.0 = Release|x86
		{F71BCE6C-4071-42A8-894F-185AFD3427A4}.Ad-Hoc|iPhone.Deploy.0 = Release|x86
		{F71BCE6C-4071-42A8-894F-185AFD3427A4}.Ad-Hoc|iPhoneSimulator.ActiveCfg = Release|x86
		{F71BCE6C-4071-42A8-894F-185AFD3427A4}.Ad-Hoc|iPhoneSimulator.Build.0 = Release|x86
		{F71BCE6C-4071-42A8-894F-185AFD3427A4}.Ad-Hoc|iPhoneSimulator.Deploy.0 = Release|x86
		{F71BCE6C-4071-42A8-894F-185AFD3427A4}.Ad-Hoc|x64.ActiveCfg = Release|x64
		{F71BCE6C-4071-42A8-894F-185AFD3427A4}.Ad-Hoc|x64.Build.0 = Release|x64
		{F71BCE6C-4071-42A8-894F-185AFD3427A4}.Ad-Hoc|x64.Deploy.0 = Release|x64
		{F71BCE6C-4071-42A8-894F-185AFD3427A4}.Ad-Hoc|x86.ActiveCfg = Release|x86
		{F71BCE6C-4071-42A8-894F-185AFD3427A4}.Ad-Hoc|x86.Build.0 = Release|x86
		{F71BCE6C-4071-42A8-894F-185AFD3427A4}.Ad-Hoc|x86.Deploy.0 = Release|x86
		{F71BCE6C-4071-42A8-894F-185AFD3427A4}.AppStore|Any CPU.ActiveCfg = Release|x86
		{F71BCE6C-4071-42A8-894F-185AFD3427A4}.AppStore|Any CPU.Build.0 = Release|x86
		{F71BCE6C-4071-42A8-894F-185AFD3427A4}.AppStore|Any CPU.Deploy.0 = Release|x86
		{F71BCE6C-4071-42A8-894F-185AFD3427A4}.AppStore|ARM.ActiveCfg = Release|ARM
		{F71BCE6C-4071-42A8-894F-185AFD3427A4}.AppStore|ARM.Build.0 = Release|ARM
		{F71BCE6C-4071-42A8-894F-185AFD3427A4}.AppStore|ARM.Deploy.0 = Release|ARM
		{F71BCE6C-4071-42A8-894F-185AFD3427A4}.AppStore|iPhone.ActiveCfg = Release|x86
		{F71BCE6C-4071-42A8-894F-185AFD3427A4}.AppStore|iPhone.Build.0 = Release|x86
		{F71BCE6C-4071-42A8-894F-185AFD3427A4}.AppStore|iPhone.Deploy.0 = Release|x86
		{F71BCE6C-4071-42A8-894F-185AFD3427A4}.AppStore|iPhoneSimulator.ActiveCfg = Release|x86
		{F71BCE6C-4071-42A8-894F-185AFD3427A4}.AppStore|iPhoneSimulator.Build.0 = Release|x86
		{F71BCE6C-4071-42A8-894F-185AFD3427A4}.AppStore|iPhoneSimulator.Deploy.0 = Release|x86
		{F71BCE6C-4071-42A8-894F-185AFD3427A4}.AppStore|x64.ActiveCfg = Release|x64
		{F71BCE6C-4071-42A8-894F-185AFD3427A4}.AppStore|x64.Build.0 = Release|x64
		{F71BCE6C-4071-42A8-894F-185AFD3427A4}.AppStore|x64.Deploy.0 = Release|x64
		{F71BCE6C-4071-42A8-894F-185AFD3427A4}.AppStore|x86.ActiveCfg = Release|x86
		{F71BCE6C-4071-42A8-894F-185AFD3427A4}.AppStore|x86.Build.0 = Release|x86
		{F71BCE6C-4071-42A8-894F-185AFD3427A4}.AppStore|x86.Deploy.0 = Release|x86
		{F71BCE6C-4071-42A8-894F-185AFD3427A4}.Debug|Any CPU.ActiveCfg = Debug|x86
		{F71BCE6C-4071-42A8-894F-185AFD3427A4}.Debug|ARM.ActiveCfg = Debug|ARM
		{F71BCE6C-4071-42A8-894F-185AFD3427A4}.Debug|ARM.Build.0 = Debug|ARM
		{F71BCE6C-4071-42A8-894F-185AFD3427A4}.Debug|ARM.Deploy.0 = Debug|ARM
		{F71BCE6C-4071-42A8-894F-185AFD3427A4}.Debug|iPhone.ActiveCfg = Debug|x86
		{F71BCE6C-4071-42A8-894F-185AFD3427A4}.Debug|iPhoneSimulator.ActiveCfg = Debug|x86
		{F71BCE6C-4071-42A8-894F-185AFD3427A4}.Debug|x64.ActiveCfg = Debug|x64
		{F71BCE6C-4071-42A8-894F-185AFD3427A4}.Debug|x64.Build.0 = Debug|x64
		{F71BCE6C-4071-42A8-894F-185AFD3427A4}.Debug|x64.Deploy.0 = Debug|x64
		{F71BCE6C-4071-42A8-894F-185AFD3427A4}.Debug|x86.ActiveCfg = Debug|x86
		{F71BCE6C-4071-42A8-894F-185AFD3427A4}.Debug|x86.Build.0 = Debug|x86
		{F71BCE6C-4071-42A8-894F-185AFD3427A4}.Debug|x86.Deploy.0 = Debug|x86
		{F71BCE6C-4071-42A8-894F-185AFD3427A4}.Release|Any CPU.ActiveCfg = Release|x86
		{F71BCE6C-4071-42A8-894F-185AFD3427A4}.Release|ARM.ActiveCfg = Release|ARM
		{F71BCE6C-4071-42A8-894F-185AFD3427A4}.Release|ARM.Build.0 = Release|ARM
		{F71BCE6C-4071-42A8-894F-185AFD3427A4}.Release|ARM.Deploy.0 = Release|ARM
		{F71BCE6C-4071-42A8-894F-185AFD3427A4}.Release|iPhone.ActiveCfg = Release|x86
		{F71BCE6C-4071-42A8-894F-185AFD3427A4}.Release|iPhoneSimulator.ActiveCfg = Release|x86
		{F71BCE6C-4071-42A8-894F-185AFD3427A4}.Release|x64.ActiveCfg = Release|x64
		{F71BCE6C-4071-42A8-894F-185AFD3427A4}.Release|x64.Build.0 = Release|x64
		{F71BCE6C-4071-42A8-894F-185AFD3427A4}.Release|x64.Deploy.0 = Release|x64
		{F71BCE6C-4071-42A8-894F-185AFD3427A4}.Release|x86.ActiveCfg = Release|x86
		{F71BCE6C-4071-42A8-894F-185AFD3427A4}.Release|x86.Build.0 = Release|x86
		{F71BCE6C-4071-42A8-894F-185AFD3427A4}.Release|x86.Deploy.0 = Release|x86
		{1E3AB933-85E8-452A-81A5-9A61F77B3DEF}.Ad-Hoc|Any CPU.ActiveCfg = Release|Any CPU
		{1E3AB933-85E8-452A-81A5-9A61F77B3DEF}.Ad-Hoc|Any CPU.Build.0 = Release|Any CPU
		{1E3AB933-85E8-452A-81A5-9A61F77B3DEF}.Ad-Hoc|ARM.ActiveCfg = Release|Any CPU
		{1E3AB933-85E8-452A-81A5-9A61F77B3DEF}.Ad-Hoc|ARM.Build.0 = Release|Any CPU
		{1E3AB933-85E8-452A-81A5-9A61F77B3DEF}.Ad-Hoc|iPhone.ActiveCfg = Release|Any CPU
		{1E3AB933-85E8-452A-81A5-9A61F77B3DEF}.Ad-Hoc|iPhone.Build.0 = Release|Any CPU
		{1E3AB933-85E8-452A-81A5-9A61F77B3DEF}.Ad-Hoc|iPhoneSimulator.ActiveCfg = Release|Any CPU
		{1E3AB933-85E8-452A-81A5-9A61F77B3DEF}.Ad-Hoc|iPhoneSimulator.Build.0 = Release|Any CPU
		{1E3AB933-85E8-452A-81A5-9A61F77B3DEF}.Ad-Hoc|x64.ActiveCfg = Release|Any CPU
		{1E3AB933-85E8-452A-81A5-9A61F77B3DEF}.Ad-Hoc|x64.Build.0 = Release|Any CPU
		{1E3AB933-85E8-452A-81A5-9A61F77B3DEF}.Ad-Hoc|x86.ActiveCfg = Release|Any CPU
		{1E3AB933-85E8-452A-81A5-9A61F77B3DEF}.Ad-Hoc|x86.Build.0 = Release|Any CPU
		{1E3AB933-85E8-452A-81A5-9A61F77B3DEF}.AppStore|Any CPU.ActiveCfg = Release|Any CPU
		{1E3AB933-85E8-452A-81A5-9A61F77B3DEF}.AppStore|Any CPU.Build.0 = Release|Any CPU
		{1E3AB933-85E8-452A-81A5-9A61F77B3DEF}.AppStore|ARM.ActiveCfg = Release|Any CPU
		{1E3AB933-85E8-452A-81A5-9A61F77B3DEF}.AppStore|ARM.Build.0 = Release|Any CPU
		{1E3AB933-85E8-452A-81A5-9A61F77B3DEF}.AppStore|iPhone.ActiveCfg = Release|Any CPU
		{1E3AB933-85E8-452A-81A5-9A61F77B3DEF}.AppStore|iPhone.Build.0 = Release|Any CPU
		{1E3AB933-85E8-452A-81A5-9A61F77B3DEF}.AppStore|iPhoneSimulator.ActiveCfg = Release|Any CPU
		{1E3AB933-85E8-452A-81A5-9A61F77B3DEF}.AppStore|iPhoneSimulator.Build.0 = Release|Any CPU
		{1E3AB933-85E8-452A-81A5-9A61F77B3DEF}.AppStore|x64.ActiveCfg = Release|Any CPU
		{1E3AB933-85E8-452A-81A5-9A61F77B3DEF}.AppStore|x64.Build.0 = Release|Any CPU
		{1E3AB933-85E8-452A-81A5-9A61F77B3DEF}.AppStore|x86.ActiveCfg = Release|Any CPU
		{1E3AB933-85E8-452A-81A5-9A61F77B3DEF}.AppStore|x86.Build.0 = Release|Any CPU
		{1E3AB933-85E8-452A-81A5-9A61F77B3DEF}.Debug|Any CPU.ActiveCfg = Debug|Any CPU
		{1E3AB933-85E8-452A-81A5-9A61F77B3DEF}.Debug|Any CPU.Build.0 = Debug|Any CPU
		{1E3AB933-85E8-452A-81A5-9A61F77B3DEF}.Debug|ARM.ActiveCfg = Debug|Any CPU
		{1E3AB933-85E8-452A-81A5-9A61F77B3DEF}.Debug|ARM.Build.0 = Debug|Any CPU
		{1E3AB933-85E8-452A-81A5-9A61F77B3DEF}.Debug|iPhone.ActiveCfg = Debug|Any CPU
		{1E3AB933-85E8-452A-81A5-9A61F77B3DEF}.Debug|iPhone.Build.0 = Debug|Any CPU
		{1E3AB933-85E8-452A-81A5-9A61F77B3DEF}.Debug|iPhoneSimulator.ActiveCfg = Debug|Any CPU
		{1E3AB933-85E8-452A-81A5-9A61F77B3DEF}.Debug|iPhoneSimulator.Build.0 = Debug|Any CPU
		{1E3AB933-85E8-452A-81A5-9A61F77B3DEF}.Debug|x64.ActiveCfg = Debug|Any CPU
		{1E3AB933-85E8-452A-81A5-9A61F77B3DEF}.Debug|x64.Build.0 = Debug|Any CPU
		{1E3AB933-85E8-452A-81A5-9A61F77B3DEF}.Debug|x86.ActiveCfg = Debug|Any CPU
		{1E3AB933-85E8-452A-81A5-9A61F77B3DEF}.Debug|x86.Build.0 = Debug|Any CPU
		{1E3AB933-85E8-452A-81A5-9A61F77B3DEF}.Release|Any CPU.ActiveCfg = Release|Any CPU
		{1E3AB933-85E8-452A-81A5-9A61F77B3DEF}.Release|Any CPU.Build.0 = Release|Any CPU
		{1E3AB933-85E8-452A-81A5-9A61F77B3DEF}.Release|ARM.ActiveCfg = Release|Any CPU
		{1E3AB933-85E8-452A-81A5-9A61F77B3DEF}.Release|ARM.Build.0 = Release|Any CPU
		{1E3AB933-85E8-452A-81A5-9A61F77B3DEF}.Release|iPhone.ActiveCfg = Release|Any CPU
		{1E3AB933-85E8-452A-81A5-9A61F77B3DEF}.Release|iPhone.Build.0 = Release|Any CPU
		{1E3AB933-85E8-452A-81A5-9A61F77B3DEF}.Release|iPhoneSimulator.ActiveCfg = Release|Any CPU
		{1E3AB933-85E8-452A-81A5-9A61F77B3DEF}.Release|iPhoneSimulator.Build.0 = Release|Any CPU
		{1E3AB933-85E8-452A-81A5-9A61F77B3DEF}.Release|x64.ActiveCfg = Release|Any CPU
		{1E3AB933-85E8-452A-81A5-9A61F77B3DEF}.Release|x64.Build.0 = Release|Any CPU
		{1E3AB933-85E8-452A-81A5-9A61F77B3DEF}.Release|x86.ActiveCfg = Release|Any CPU
		{1E3AB933-85E8-452A-81A5-9A61F77B3DEF}.Release|x86.Build.0 = Release|Any CPU
		{59F985D0-F137-41AF-BC17-2D58CDA61465}.Ad-Hoc|Any CPU.ActiveCfg = Release|Any CPU
		{59F985D0-F137-41AF-BC17-2D58CDA61465}.Ad-Hoc|Any CPU.Build.0 = Release|Any CPU
		{59F985D0-F137-41AF-BC17-2D58CDA61465}.Ad-Hoc|ARM.ActiveCfg = Release|Any CPU
		{59F985D0-F137-41AF-BC17-2D58CDA61465}.Ad-Hoc|ARM.Build.0 = Release|Any CPU
		{59F985D0-F137-41AF-BC17-2D58CDA61465}.Ad-Hoc|iPhone.ActiveCfg = Release|Any CPU
		{59F985D0-F137-41AF-BC17-2D58CDA61465}.Ad-Hoc|iPhone.Build.0 = Release|Any CPU
		{59F985D0-F137-41AF-BC17-2D58CDA61465}.Ad-Hoc|iPhoneSimulator.ActiveCfg = Release|Any CPU
		{59F985D0-F137-41AF-BC17-2D58CDA61465}.Ad-Hoc|iPhoneSimulator.Build.0 = Release|Any CPU
		{59F985D0-F137-41AF-BC17-2D58CDA61465}.Ad-Hoc|x64.ActiveCfg = Release|Any CPU
		{59F985D0-F137-41AF-BC17-2D58CDA61465}.Ad-Hoc|x64.Build.0 = Release|Any CPU
		{59F985D0-F137-41AF-BC17-2D58CDA61465}.Ad-Hoc|x86.ActiveCfg = Release|Any CPU
		{59F985D0-F137-41AF-BC17-2D58CDA61465}.Ad-Hoc|x86.Build.0 = Release|Any CPU
		{59F985D0-F137-41AF-BC17-2D58CDA61465}.AppStore|Any CPU.ActiveCfg = Release|Any CPU
		{59F985D0-F137-41AF-BC17-2D58CDA61465}.AppStore|Any CPU.Build.0 = Release|Any CPU
		{59F985D0-F137-41AF-BC17-2D58CDA61465}.AppStore|ARM.ActiveCfg = Release|Any CPU
		{59F985D0-F137-41AF-BC17-2D58CDA61465}.AppStore|ARM.Build.0 = Release|Any CPU
		{59F985D0-F137-41AF-BC17-2D58CDA61465}.AppStore|iPhone.ActiveCfg = Release|Any CPU
		{59F985D0-F137-41AF-BC17-2D58CDA61465}.AppStore|iPhone.Build.0 = Release|Any CPU
		{59F985D0-F137-41AF-BC17-2D58CDA61465}.AppStore|iPhoneSimulator.ActiveCfg = Release|Any CPU
		{59F985D0-F137-41AF-BC17-2D58CDA61465}.AppStore|iPhoneSimulator.Build.0 = Release|Any CPU
		{59F985D0-F137-41AF-BC17-2D58CDA61465}.AppStore|x64.ActiveCfg = Release|Any CPU
		{59F985D0-F137-41AF-BC17-2D58CDA61465}.AppStore|x64.Build.0 = Release|Any CPU
		{59F985D0-F137-41AF-BC17-2D58CDA61465}.AppStore|x86.ActiveCfg = Release|Any CPU
		{59F985D0-F137-41AF-BC17-2D58CDA61465}.AppStore|x86.Build.0 = Release|Any CPU
		{59F985D0-F137-41AF-BC17-2D58CDA61465}.Debug|Any CPU.ActiveCfg = Debug|Any CPU
		{59F985D0-F137-41AF-BC17-2D58CDA61465}.Debug|Any CPU.Build.0 = Debug|Any CPU
		{59F985D0-F137-41AF-BC17-2D58CDA61465}.Debug|ARM.ActiveCfg = Debug|Any CPU
		{59F985D0-F137-41AF-BC17-2D58CDA61465}.Debug|ARM.Build.0 = Debug|Any CPU
		{59F985D0-F137-41AF-BC17-2D58CDA61465}.Debug|iPhone.ActiveCfg = Debug|Any CPU
		{59F985D0-F137-41AF-BC17-2D58CDA61465}.Debug|iPhone.Build.0 = Debug|Any CPU
		{59F985D0-F137-41AF-BC17-2D58CDA61465}.Debug|iPhoneSimulator.ActiveCfg = Debug|Any CPU
		{59F985D0-F137-41AF-BC17-2D58CDA61465}.Debug|iPhoneSimulator.Build.0 = Debug|Any CPU
		{59F985D0-F137-41AF-BC17-2D58CDA61465}.Debug|x64.ActiveCfg = Debug|Any CPU
		{59F985D0-F137-41AF-BC17-2D58CDA61465}.Debug|x64.Build.0 = Debug|Any CPU
		{59F985D0-F137-41AF-BC17-2D58CDA61465}.Debug|x86.ActiveCfg = Debug|Any CPU
		{59F985D0-F137-41AF-BC17-2D58CDA61465}.Debug|x86.Build.0 = Debug|Any CPU
		{59F985D0-F137-41AF-BC17-2D58CDA61465}.Release|Any CPU.ActiveCfg = Release|Any CPU
		{59F985D0-F137-41AF-BC17-2D58CDA61465}.Release|Any CPU.Build.0 = Release|Any CPU
		{59F985D0-F137-41AF-BC17-2D58CDA61465}.Release|ARM.ActiveCfg = Release|Any CPU
		{59F985D0-F137-41AF-BC17-2D58CDA61465}.Release|ARM.Build.0 = Release|Any CPU
		{59F985D0-F137-41AF-BC17-2D58CDA61465}.Release|iPhone.ActiveCfg = Release|Any CPU
		{59F985D0-F137-41AF-BC17-2D58CDA61465}.Release|iPhone.Build.0 = Release|Any CPU
		{59F985D0-F137-41AF-BC17-2D58CDA61465}.Release|iPhoneSimulator.ActiveCfg = Release|Any CPU
		{59F985D0-F137-41AF-BC17-2D58CDA61465}.Release|iPhoneSimulator.Build.0 = Release|Any CPU
		{59F985D0-F137-41AF-BC17-2D58CDA61465}.Release|x64.ActiveCfg = Release|Any CPU
		{59F985D0-F137-41AF-BC17-2D58CDA61465}.Release|x64.Build.0 = Release|Any CPU
		{59F985D0-F137-41AF-BC17-2D58CDA61465}.Release|x86.ActiveCfg = Release|Any CPU
		{59F985D0-F137-41AF-BC17-2D58CDA61465}.Release|x86.Build.0 = Release|Any CPU
		{B46D3B1B-ADD2-47A2-A251-ABDD43ACBD80}.Ad-Hoc|Any CPU.ActiveCfg = Release|Any CPU
		{B46D3B1B-ADD2-47A2-A251-ABDD43ACBD80}.Ad-Hoc|Any CPU.Build.0 = Release|Any CPU
		{B46D3B1B-ADD2-47A2-A251-ABDD43ACBD80}.Ad-Hoc|ARM.ActiveCfg = Release|Any CPU
		{B46D3B1B-ADD2-47A2-A251-ABDD43ACBD80}.Ad-Hoc|ARM.Build.0 = Release|Any CPU
		{B46D3B1B-ADD2-47A2-A251-ABDD43ACBD80}.Ad-Hoc|iPhone.ActiveCfg = Release|Any CPU
		{B46D3B1B-ADD2-47A2-A251-ABDD43ACBD80}.Ad-Hoc|iPhone.Build.0 = Release|Any CPU
		{B46D3B1B-ADD2-47A2-A251-ABDD43ACBD80}.Ad-Hoc|iPhoneSimulator.ActiveCfg = Release|Any CPU
		{B46D3B1B-ADD2-47A2-A251-ABDD43ACBD80}.Ad-Hoc|iPhoneSimulator.Build.0 = Release|Any CPU
		{B46D3B1B-ADD2-47A2-A251-ABDD43ACBD80}.Ad-Hoc|x64.ActiveCfg = Release|Any CPU
		{B46D3B1B-ADD2-47A2-A251-ABDD43ACBD80}.Ad-Hoc|x64.Build.0 = Release|Any CPU
		{B46D3B1B-ADD2-47A2-A251-ABDD43ACBD80}.Ad-Hoc|x86.ActiveCfg = Release|Any CPU
		{B46D3B1B-ADD2-47A2-A251-ABDD43ACBD80}.Ad-Hoc|x86.Build.0 = Release|Any CPU
		{B46D3B1B-ADD2-47A2-A251-ABDD43ACBD80}.AppStore|Any CPU.ActiveCfg = Release|Any CPU
		{B46D3B1B-ADD2-47A2-A251-ABDD43ACBD80}.AppStore|Any CPU.Build.0 = Release|Any CPU
		{B46D3B1B-ADD2-47A2-A251-ABDD43ACBD80}.AppStore|ARM.ActiveCfg = Release|Any CPU
		{B46D3B1B-ADD2-47A2-A251-ABDD43ACBD80}.AppStore|ARM.Build.0 = Release|Any CPU
		{B46D3B1B-ADD2-47A2-A251-ABDD43ACBD80}.AppStore|iPhone.ActiveCfg = Release|Any CPU
		{B46D3B1B-ADD2-47A2-A251-ABDD43ACBD80}.AppStore|iPhone.Build.0 = Release|Any CPU
		{B46D3B1B-ADD2-47A2-A251-ABDD43ACBD80}.AppStore|iPhoneSimulator.ActiveCfg = Release|Any CPU
		{B46D3B1B-ADD2-47A2-A251-ABDD43ACBD80}.AppStore|iPhoneSimulator.Build.0 = Release|Any CPU
		{B46D3B1B-ADD2-47A2-A251-ABDD43ACBD80}.AppStore|x64.ActiveCfg = Release|Any CPU
		{B46D3B1B-ADD2-47A2-A251-ABDD43ACBD80}.AppStore|x64.Build.0 = Release|Any CPU
		{B46D3B1B-ADD2-47A2-A251-ABDD43ACBD80}.AppStore|x86.ActiveCfg = Release|Any CPU
		{B46D3B1B-ADD2-47A2-A251-ABDD43ACBD80}.AppStore|x86.Build.0 = Release|Any CPU
		{B46D3B1B-ADD2-47A2-A251-ABDD43ACBD80}.Debug|Any CPU.ActiveCfg = Debug|Any CPU
		{B46D3B1B-ADD2-47A2-A251-ABDD43ACBD80}.Debug|Any CPU.Build.0 = Debug|Any CPU
		{B46D3B1B-ADD2-47A2-A251-ABDD43ACBD80}.Debug|ARM.ActiveCfg = Debug|Any CPU
		{B46D3B1B-ADD2-47A2-A251-ABDD43ACBD80}.Debug|ARM.Build.0 = Debug|Any CPU
		{B46D3B1B-ADD2-47A2-A251-ABDD43ACBD80}.Debug|iPhone.ActiveCfg = Debug|Any CPU
		{B46D3B1B-ADD2-47A2-A251-ABDD43ACBD80}.Debug|iPhone.Build.0 = Debug|Any CPU
		{B46D3B1B-ADD2-47A2-A251-ABDD43ACBD80}.Debug|iPhoneSimulator.ActiveCfg = Debug|Any CPU
		{B46D3B1B-ADD2-47A2-A251-ABDD43ACBD80}.Debug|iPhoneSimulator.Build.0 = Debug|Any CPU
		{B46D3B1B-ADD2-47A2-A251-ABDD43ACBD80}.Debug|x64.ActiveCfg = Debug|Any CPU
		{B46D3B1B-ADD2-47A2-A251-ABDD43ACBD80}.Debug|x64.Build.0 = Debug|Any CPU
		{B46D3B1B-ADD2-47A2-A251-ABDD43ACBD80}.Debug|x86.ActiveCfg = Debug|Any CPU
		{B46D3B1B-ADD2-47A2-A251-ABDD43ACBD80}.Debug|x86.Build.0 = Debug|Any CPU
		{B46D3B1B-ADD2-47A2-A251-ABDD43ACBD80}.Release|Any CPU.ActiveCfg = Release|Any CPU
		{B46D3B1B-ADD2-47A2-A251-ABDD43ACBD80}.Release|Any CPU.Build.0 = Release|Any CPU
		{B46D3B1B-ADD2-47A2-A251-ABDD43ACBD80}.Release|ARM.ActiveCfg = Release|Any CPU
		{B46D3B1B-ADD2-47A2-A251-ABDD43ACBD80}.Release|ARM.Build.0 = Release|Any CPU
		{B46D3B1B-ADD2-47A2-A251-ABDD43ACBD80}.Release|iPhone.ActiveCfg = Release|Any CPU
		{B46D3B1B-ADD2-47A2-A251-ABDD43ACBD80}.Release|iPhone.Build.0 = Release|Any CPU
		{B46D3B1B-ADD2-47A2-A251-ABDD43ACBD80}.Release|iPhoneSimulator.ActiveCfg = Release|Any CPU
		{B46D3B1B-ADD2-47A2-A251-ABDD43ACBD80}.Release|iPhoneSimulator.Build.0 = Release|Any CPU
		{B46D3B1B-ADD2-47A2-A251-ABDD43ACBD80}.Release|x64.ActiveCfg = Release|Any CPU
		{B46D3B1B-ADD2-47A2-A251-ABDD43ACBD80}.Release|x64.Build.0 = Release|Any CPU
		{B46D3B1B-ADD2-47A2-A251-ABDD43ACBD80}.Release|x86.ActiveCfg = Release|Any CPU
		{B46D3B1B-ADD2-47A2-A251-ABDD43ACBD80}.Release|x86.Build.0 = Release|Any CPU
	EndGlobalSection
	GlobalSection(SolutionProperties) = preSolution
		HideSolutionNode = FALSE
	EndGlobalSection
	GlobalSection(ExtensibilityGlobals) = postSolution
		SolutionGuid = {F6D05029-56B8-4E45-AF2D-0E76295DDBA2}
	EndGlobalSection
EndGlobal
