
Microsoft Visual Studio Solution File, Format Version 12.00
# Visual Studio 14
VisualStudioVersion = 14.0.25420.1
MinimumVisualStudioVersion = 10.0.40219.1
Project("{8BB2217D-0F2D-49D1-97BC-3654ED321F3B}") = "Opc.Ua.Client", "SampleApplications\SDK\Opc.Ua.Client\Opc.Ua.Client.xproj", "{ABD9427F-FB32-4689-AB4F-22BCFB8DE2F4}"
EndProject
Project("{8BB2217D-0F2D-49D1-97BC-3654ED321F3B}") = "Opc.Ua.Core", "Stack\Opc.Ua.Core\Opc.Ua.Core.xproj", "{99A94D4A-810D-49EF-B043-7F560E654A41}"
EndProject
Project("{8BB2217D-0F2D-49D1-97BC-3654ED321F3B}") = "Opc.Ua.Configuration", "SampleApplications\SDK\Opc.Ua.Configuration\Opc.Ua.Configuration.xproj", "{C444E219-EED3-4775-B399-B81FF2B900AF}"
EndProject
Project("{8BB2217D-0F2D-49D1-97BC-3654ED321F3B}") = "Opc.Ua.Server", "SampleApplications\SDK\Opc.Ua.Server\Opc.Ua.Server.xproj", "{6C449A1E-244E-4515-9949-A7E22012537C}"
EndProject
Project("{8BB2217D-0F2D-49D1-97BC-3654ED321F3B}") = "NetCoreConsoleServer", "SampleApplications\Samples\NetCoreConsoleServer\NetCoreConsoleServer.xproj", "{EEAD3395-47A2-453F-9212-D26BF0727188}"
EndProject
Project("{8BB2217D-0F2D-49D1-97BC-3654ED321F3B}") = "NetCoreConsoleClient", "SampleApplications\Samples\NetCoreConsoleClient\NetCoreConsoleClient.xproj", "{A9E3812C-982C-426F-987F-7882C712F64C}"
EndProject
Project("{FAE04EC0-301F-11D3-BF4B-00C04F79EFBC}") = "Opc.Ua.Publisher", "SampleApplications\Samples\Publisher\Opc.Ua.Publisher.csproj", "{0EADE7FF-73AA-4A37-B096-0076729D90C0}"
EndProject
Project("{FAE04EC0-301F-11D3-BF4B-00C04F79EFBC}") = "Opc.Ua.Sample.Controls", "SampleApplications\Samples\Controls\Opc.Ua.Sample.Controls.csproj", "{5192CB9A-D4FC-41EF-839F-D9E08C17F221}"
EndProject
Project("{FAE04EC0-301F-11D3-BF4B-00C04F79EFBC}") = "Opc.Ua.Client.Controls", "SampleApplications\SDK\Controls\Opc.Ua.Client.Controls.csproj", "{0BACFD1F-8BD1-45E2-81AD-F9DBB5FBE028}"
EndProject
Project("{8BB2217D-0F2D-49D1-97BC-3654ED321F3B}") = "NetCoreConsolePublisher", "SampleApplications\Samples\NetCoreConsolePublisher\NetCoreConsolePublisher.xproj", "{3C2AF620-4F39-43E6-A659-B05A13D85F1A}"
EndProject
Project("{FAE04EC0-301F-11D3-BF4B-00C04F79EFBC}") = "Opc.Ua.SampleServer", "SampleApplications\Samples\Server\Opc.Ua.SampleServer.csproj", "{76149EC4-0430-47C6-B89E-E26661FBFC2B}"
EndProject
Project("{8BB2217D-0F2D-49D1-97BC-3654ED321F3B}") = "Opc.Ua.Sample", "SampleApplications\Samples\Opc.Ua.Sample\Opc.Ua.Sample.xproj", "{01A754B8-5A8D-4856-836F-9ED1DC64527A}"
EndProject
Project("{FAE04EC0-301F-11D3-BF4B-00C04F79EFBC}") = "Opc.Ua.SampleClient", "SampleApplications\Samples\Client\Opc.Ua.SampleClient.csproj", "{3EFC6061-DF81-42A8-B8FA-6905C7AA383F}"
EndProject
Global
	GlobalSection(SolutionConfigurationPlatforms) = preSolution
		Debug|Any CPU = Debug|Any CPU
		Debug|ARM = Debug|ARM
		Debug|x64 = Debug|x64
		Debug|x86 = Debug|x86
		Release|Any CPU = Release|Any CPU
		Release|ARM = Release|ARM
		Release|x64 = Release|x64
		Release|x86 = Release|x86
	EndGlobalSection
	GlobalSection(ProjectConfigurationPlatforms) = postSolution
		{ABD9427F-FB32-4689-AB4F-22BCFB8DE2F4}.Debug|Any CPU.ActiveCfg = Debug|Any CPU
		{ABD9427F-FB32-4689-AB4F-22BCFB8DE2F4}.Debug|Any CPU.Build.0 = Debug|Any CPU
		{ABD9427F-FB32-4689-AB4F-22BCFB8DE2F4}.Debug|ARM.ActiveCfg = Debug|Any CPU
		{ABD9427F-FB32-4689-AB4F-22BCFB8DE2F4}.Debug|ARM.Build.0 = Debug|Any CPU
		{ABD9427F-FB32-4689-AB4F-22BCFB8DE2F4}.Debug|x64.ActiveCfg = Debug|Any CPU
		{ABD9427F-FB32-4689-AB4F-22BCFB8DE2F4}.Debug|x64.Build.0 = Debug|Any CPU
		{ABD9427F-FB32-4689-AB4F-22BCFB8DE2F4}.Debug|x86.ActiveCfg = Debug|Any CPU
		{ABD9427F-FB32-4689-AB4F-22BCFB8DE2F4}.Debug|x86.Build.0 = Debug|Any CPU
		{ABD9427F-FB32-4689-AB4F-22BCFB8DE2F4}.Release|Any CPU.ActiveCfg = Release|Any CPU
		{ABD9427F-FB32-4689-AB4F-22BCFB8DE2F4}.Release|Any CPU.Build.0 = Release|Any CPU
		{ABD9427F-FB32-4689-AB4F-22BCFB8DE2F4}.Release|ARM.ActiveCfg = Release|Any CPU
		{ABD9427F-FB32-4689-AB4F-22BCFB8DE2F4}.Release|ARM.Build.0 = Release|Any CPU
		{ABD9427F-FB32-4689-AB4F-22BCFB8DE2F4}.Release|x64.ActiveCfg = Release|Any CPU
		{ABD9427F-FB32-4689-AB4F-22BCFB8DE2F4}.Release|x64.Build.0 = Release|Any CPU
		{ABD9427F-FB32-4689-AB4F-22BCFB8DE2F4}.Release|x86.ActiveCfg = Release|Any CPU
		{ABD9427F-FB32-4689-AB4F-22BCFB8DE2F4}.Release|x86.Build.0 = Release|Any CPU
		{99A94D4A-810D-49EF-B043-7F560E654A41}.Debug|Any CPU.ActiveCfg = Debug|Any CPU
		{99A94D4A-810D-49EF-B043-7F560E654A41}.Debug|Any CPU.Build.0 = Debug|Any CPU
		{99A94D4A-810D-49EF-B043-7F560E654A41}.Debug|ARM.ActiveCfg = Debug|Any CPU
		{99A94D4A-810D-49EF-B043-7F560E654A41}.Debug|ARM.Build.0 = Debug|Any CPU
		{99A94D4A-810D-49EF-B043-7F560E654A41}.Debug|x64.ActiveCfg = Debug|Any CPU
		{99A94D4A-810D-49EF-B043-7F560E654A41}.Debug|x64.Build.0 = Debug|Any CPU
		{99A94D4A-810D-49EF-B043-7F560E654A41}.Debug|x86.ActiveCfg = Debug|Any CPU
		{99A94D4A-810D-49EF-B043-7F560E654A41}.Debug|x86.Build.0 = Debug|Any CPU
		{99A94D4A-810D-49EF-B043-7F560E654A41}.Release|Any CPU.ActiveCfg = Release|Any CPU
		{99A94D4A-810D-49EF-B043-7F560E654A41}.Release|Any CPU.Build.0 = Release|Any CPU
		{99A94D4A-810D-49EF-B043-7F560E654A41}.Release|ARM.ActiveCfg = Release|Any CPU
		{99A94D4A-810D-49EF-B043-7F560E654A41}.Release|ARM.Build.0 = Release|Any CPU
		{99A94D4A-810D-49EF-B043-7F560E654A41}.Release|x64.ActiveCfg = Release|Any CPU
		{99A94D4A-810D-49EF-B043-7F560E654A41}.Release|x64.Build.0 = Release|Any CPU
		{99A94D4A-810D-49EF-B043-7F560E654A41}.Release|x86.ActiveCfg = Release|Any CPU
		{99A94D4A-810D-49EF-B043-7F560E654A41}.Release|x86.Build.0 = Release|Any CPU
		{C444E219-EED3-4775-B399-B81FF2B900AF}.Debug|Any CPU.ActiveCfg = Debug|Any CPU
		{C444E219-EED3-4775-B399-B81FF2B900AF}.Debug|Any CPU.Build.0 = Debug|Any CPU
		{C444E219-EED3-4775-B399-B81FF2B900AF}.Debug|ARM.ActiveCfg = Debug|Any CPU
		{C444E219-EED3-4775-B399-B81FF2B900AF}.Debug|ARM.Build.0 = Debug|Any CPU
		{C444E219-EED3-4775-B399-B81FF2B900AF}.Debug|x64.ActiveCfg = Debug|Any CPU
		{C444E219-EED3-4775-B399-B81FF2B900AF}.Debug|x64.Build.0 = Debug|Any CPU
		{C444E219-EED3-4775-B399-B81FF2B900AF}.Debug|x86.ActiveCfg = Debug|Any CPU
		{C444E219-EED3-4775-B399-B81FF2B900AF}.Debug|x86.Build.0 = Debug|Any CPU
		{C444E219-EED3-4775-B399-B81FF2B900AF}.Release|Any CPU.ActiveCfg = Release|Any CPU
		{C444E219-EED3-4775-B399-B81FF2B900AF}.Release|Any CPU.Build.0 = Release|Any CPU
		{C444E219-EED3-4775-B399-B81FF2B900AF}.Release|ARM.ActiveCfg = Release|Any CPU
		{C444E219-EED3-4775-B399-B81FF2B900AF}.Release|ARM.Build.0 = Release|Any CPU
		{C444E219-EED3-4775-B399-B81FF2B900AF}.Release|x64.ActiveCfg = Release|Any CPU
		{C444E219-EED3-4775-B399-B81FF2B900AF}.Release|x64.Build.0 = Release|Any CPU
		{C444E219-EED3-4775-B399-B81FF2B900AF}.Release|x86.ActiveCfg = Release|Any CPU
		{C444E219-EED3-4775-B399-B81FF2B900AF}.Release|x86.Build.0 = Release|Any CPU
		{6C449A1E-244E-4515-9949-A7E22012537C}.Debug|Any CPU.ActiveCfg = Debug|Any CPU
		{6C449A1E-244E-4515-9949-A7E22012537C}.Debug|Any CPU.Build.0 = Debug|Any CPU
		{6C449A1E-244E-4515-9949-A7E22012537C}.Debug|Any CPU.Deploy.0 = Debug|Any CPU
		{6C449A1E-244E-4515-9949-A7E22012537C}.Debug|ARM.ActiveCfg = Debug|Any CPU
		{6C449A1E-244E-4515-9949-A7E22012537C}.Debug|ARM.Build.0 = Debug|Any CPU
		{6C449A1E-244E-4515-9949-A7E22012537C}.Debug|x64.ActiveCfg = Debug|Any CPU
		{6C449A1E-244E-4515-9949-A7E22012537C}.Debug|x64.Build.0 = Debug|Any CPU
		{6C449A1E-244E-4515-9949-A7E22012537C}.Debug|x86.ActiveCfg = Debug|Any CPU
		{6C449A1E-244E-4515-9949-A7E22012537C}.Debug|x86.Build.0 = Debug|Any CPU
		{6C449A1E-244E-4515-9949-A7E22012537C}.Release|Any CPU.ActiveCfg = Release|Any CPU
		{6C449A1E-244E-4515-9949-A7E22012537C}.Release|Any CPU.Build.0 = Release|Any CPU
		{6C449A1E-244E-4515-9949-A7E22012537C}.Release|ARM.ActiveCfg = Release|Any CPU
		{6C449A1E-244E-4515-9949-A7E22012537C}.Release|ARM.Build.0 = Release|Any CPU
		{6C449A1E-244E-4515-9949-A7E22012537C}.Release|x64.ActiveCfg = Release|Any CPU
		{6C449A1E-244E-4515-9949-A7E22012537C}.Release|x64.Build.0 = Release|Any CPU
		{6C449A1E-244E-4515-9949-A7E22012537C}.Release|x86.ActiveCfg = Release|Any CPU
		{6C449A1E-244E-4515-9949-A7E22012537C}.Release|x86.Build.0 = Release|Any CPU
		{EEAD3395-47A2-453F-9212-D26BF0727188}.Debug|Any CPU.ActiveCfg = Debug|Any CPU
		{EEAD3395-47A2-453F-9212-D26BF0727188}.Debug|Any CPU.Build.0 = Debug|Any CPU
		{EEAD3395-47A2-453F-9212-D26BF0727188}.Debug|ARM.ActiveCfg = Debug|Any CPU
		{EEAD3395-47A2-453F-9212-D26BF0727188}.Debug|ARM.Build.0 = Debug|Any CPU
		{EEAD3395-47A2-453F-9212-D26BF0727188}.Debug|x64.ActiveCfg = Debug|Any CPU
		{EEAD3395-47A2-453F-9212-D26BF0727188}.Debug|x64.Build.0 = Debug|Any CPU
		{EEAD3395-47A2-453F-9212-D26BF0727188}.Debug|x86.ActiveCfg = Debug|Any CPU
		{EEAD3395-47A2-453F-9212-D26BF0727188}.Debug|x86.Build.0 = Debug|Any CPU
		{EEAD3395-47A2-453F-9212-D26BF0727188}.Release|Any CPU.ActiveCfg = Release|Any CPU
		{EEAD3395-47A2-453F-9212-D26BF0727188}.Release|Any CPU.Build.0 = Release|Any CPU
		{EEAD3395-47A2-453F-9212-D26BF0727188}.Release|ARM.ActiveCfg = Release|Any CPU
		{EEAD3395-47A2-453F-9212-D26BF0727188}.Release|ARM.Build.0 = Release|Any CPU
		{EEAD3395-47A2-453F-9212-D26BF0727188}.Release|x64.ActiveCfg = Release|Any CPU
		{EEAD3395-47A2-453F-9212-D26BF0727188}.Release|x64.Build.0 = Release|Any CPU
		{EEAD3395-47A2-453F-9212-D26BF0727188}.Release|x86.ActiveCfg = Release|Any CPU
		{EEAD3395-47A2-453F-9212-D26BF0727188}.Release|x86.Build.0 = Release|Any CPU
		{A9E3812C-982C-426F-987F-7882C712F64C}.Debug|Any CPU.ActiveCfg = Debug|Any CPU
		{A9E3812C-982C-426F-987F-7882C712F64C}.Debug|Any CPU.Build.0 = Debug|Any CPU
		{A9E3812C-982C-426F-987F-7882C712F64C}.Debug|ARM.ActiveCfg = Debug|Any CPU
		{A9E3812C-982C-426F-987F-7882C712F64C}.Debug|ARM.Build.0 = Debug|Any CPU
		{A9E3812C-982C-426F-987F-7882C712F64C}.Debug|x64.ActiveCfg = Debug|Any CPU
		{A9E3812C-982C-426F-987F-7882C712F64C}.Debug|x64.Build.0 = Debug|Any CPU
		{A9E3812C-982C-426F-987F-7882C712F64C}.Debug|x86.ActiveCfg = Debug|Any CPU
		{A9E3812C-982C-426F-987F-7882C712F64C}.Debug|x86.Build.0 = Debug|Any CPU
		{A9E3812C-982C-426F-987F-7882C712F64C}.Release|Any CPU.ActiveCfg = Release|Any CPU
		{A9E3812C-982C-426F-987F-7882C712F64C}.Release|Any CPU.Build.0 = Release|Any CPU
		{A9E3812C-982C-426F-987F-7882C712F64C}.Release|ARM.ActiveCfg = Release|Any CPU
		{A9E3812C-982C-426F-987F-7882C712F64C}.Release|ARM.Build.0 = Release|Any CPU
		{A9E3812C-982C-426F-987F-7882C712F64C}.Release|x64.ActiveCfg = Release|Any CPU
		{A9E3812C-982C-426F-987F-7882C712F64C}.Release|x64.Build.0 = Release|Any CPU
		{A9E3812C-982C-426F-987F-7882C712F64C}.Release|x86.ActiveCfg = Release|Any CPU
		{A9E3812C-982C-426F-987F-7882C712F64C}.Release|x86.Build.0 = Release|Any CPU
		{0EADE7FF-73AA-4A37-B096-0076729D90C0}.Debug|Any CPU.ActiveCfg = Debug|x64
		{0EADE7FF-73AA-4A37-B096-0076729D90C0}.Debug|Any CPU.Build.0 = Debug|x64
		{0EADE7FF-73AA-4A37-B096-0076729D90C0}.Debug|Any CPU.Deploy.0 = Debug|x64
		{0EADE7FF-73AA-4A37-B096-0076729D90C0}.Debug|ARM.ActiveCfg = Debug|ARM
		{0EADE7FF-73AA-4A37-B096-0076729D90C0}.Debug|ARM.Build.0 = Debug|ARM
		{0EADE7FF-73AA-4A37-B096-0076729D90C0}.Debug|ARM.Deploy.0 = Debug|ARM
		{0EADE7FF-73AA-4A37-B096-0076729D90C0}.Debug|x64.ActiveCfg = Debug|x64
		{0EADE7FF-73AA-4A37-B096-0076729D90C0}.Debug|x64.Build.0 = Debug|x64
		{0EADE7FF-73AA-4A37-B096-0076729D90C0}.Debug|x64.Deploy.0 = Debug|x64
		{0EADE7FF-73AA-4A37-B096-0076729D90C0}.Debug|x86.ActiveCfg = Debug|x86
		{0EADE7FF-73AA-4A37-B096-0076729D90C0}.Debug|x86.Build.0 = Debug|x86
		{0EADE7FF-73AA-4A37-B096-0076729D90C0}.Debug|x86.Deploy.0 = Debug|x86
		{0EADE7FF-73AA-4A37-B096-0076729D90C0}.Release|Any CPU.ActiveCfg = Release|x86
		{0EADE7FF-73AA-4A37-B096-0076729D90C0}.Release|ARM.ActiveCfg = Release|ARM
		{0EADE7FF-73AA-4A37-B096-0076729D90C0}.Release|ARM.Build.0 = Release|ARM
		{0EADE7FF-73AA-4A37-B096-0076729D90C0}.Release|ARM.Deploy.0 = Release|ARM
		{0EADE7FF-73AA-4A37-B096-0076729D90C0}.Release|x64.ActiveCfg = Release|x64
		{0EADE7FF-73AA-4A37-B096-0076729D90C0}.Release|x64.Build.0 = Release|x64
		{0EADE7FF-73AA-4A37-B096-0076729D90C0}.Release|x64.Deploy.0 = Release|x64
		{0EADE7FF-73AA-4A37-B096-0076729D90C0}.Release|x86.ActiveCfg = Release|x86
		{0EADE7FF-73AA-4A37-B096-0076729D90C0}.Release|x86.Build.0 = Release|x86
		{0EADE7FF-73AA-4A37-B096-0076729D90C0}.Release|x86.Deploy.0 = Release|x86
		{5192CB9A-D4FC-41EF-839F-D9E08C17F221}.Debug|Any CPU.ActiveCfg = Debug|Any CPU
		{5192CB9A-D4FC-41EF-839F-D9E08C17F221}.Debug|Any CPU.Build.0 = Debug|Any CPU
		{5192CB9A-D4FC-41EF-839F-D9E08C17F221}.Debug|ARM.ActiveCfg = Debug|ARM
		{5192CB9A-D4FC-41EF-839F-D9E08C17F221}.Debug|ARM.Build.0 = Debug|ARM
		{5192CB9A-D4FC-41EF-839F-D9E08C17F221}.Debug|x64.ActiveCfg = Debug|x64
		{5192CB9A-D4FC-41EF-839F-D9E08C17F221}.Debug|x64.Build.0 = Debug|x64
		{5192CB9A-D4FC-41EF-839F-D9E08C17F221}.Debug|x86.ActiveCfg = Debug|x86
		{5192CB9A-D4FC-41EF-839F-D9E08C17F221}.Debug|x86.Build.0 = Debug|x86
		{5192CB9A-D4FC-41EF-839F-D9E08C17F221}.Release|Any CPU.ActiveCfg = Release|Any CPU
		{5192CB9A-D4FC-41EF-839F-D9E08C17F221}.Release|Any CPU.Build.0 = Release|Any CPU
		{5192CB9A-D4FC-41EF-839F-D9E08C17F221}.Release|ARM.ActiveCfg = Release|ARM
		{5192CB9A-D4FC-41EF-839F-D9E08C17F221}.Release|ARM.Build.0 = Release|ARM
		{5192CB9A-D4FC-41EF-839F-D9E08C17F221}.Release|x64.ActiveCfg = Release|x64
		{5192CB9A-D4FC-41EF-839F-D9E08C17F221}.Release|x64.Build.0 = Release|x64
		{5192CB9A-D4FC-41EF-839F-D9E08C17F221}.Release|x86.ActiveCfg = Release|x86
		{5192CB9A-D4FC-41EF-839F-D9E08C17F221}.Release|x86.Build.0 = Release|x86
		{0BACFD1F-8BD1-45E2-81AD-F9DBB5FBE028}.Debug|Any CPU.ActiveCfg = Debug|Any CPU
		{0BACFD1F-8BD1-45E2-81AD-F9DBB5FBE028}.Debug|Any CPU.Build.0 = Debug|Any CPU
		{0BACFD1F-8BD1-45E2-81AD-F9DBB5FBE028}.Debug|ARM.ActiveCfg = Debug|ARM
		{0BACFD1F-8BD1-45E2-81AD-F9DBB5FBE028}.Debug|ARM.Build.0 = Debug|ARM
		{0BACFD1F-8BD1-45E2-81AD-F9DBB5FBE028}.Debug|x64.ActiveCfg = Debug|x64
		{0BACFD1F-8BD1-45E2-81AD-F9DBB5FBE028}.Debug|x64.Build.0 = Debug|x64
		{0BACFD1F-8BD1-45E2-81AD-F9DBB5FBE028}.Debug|x86.ActiveCfg = Debug|x86
		{0BACFD1F-8BD1-45E2-81AD-F9DBB5FBE028}.Debug|x86.Build.0 = Debug|x86
		{0BACFD1F-8BD1-45E2-81AD-F9DBB5FBE028}.Release|Any CPU.ActiveCfg = Release|Any CPU
		{0BACFD1F-8BD1-45E2-81AD-F9DBB5FBE028}.Release|Any CPU.Build.0 = Release|Any CPU
		{0BACFD1F-8BD1-45E2-81AD-F9DBB5FBE028}.Release|ARM.ActiveCfg = Release|ARM
		{0BACFD1F-8BD1-45E2-81AD-F9DBB5FBE028}.Release|ARM.Build.0 = Release|ARM
		{0BACFD1F-8BD1-45E2-81AD-F9DBB5FBE028}.Release|x64.ActiveCfg = Release|x64
		{0BACFD1F-8BD1-45E2-81AD-F9DBB5FBE028}.Release|x64.Build.0 = Release|x64
		{0BACFD1F-8BD1-45E2-81AD-F9DBB5FBE028}.Release|x86.ActiveCfg = Release|x86
		{0BACFD1F-8BD1-45E2-81AD-F9DBB5FBE028}.Release|x86.Build.0 = Release|x86
		{3C2AF620-4F39-43E6-A659-B05A13D85F1A}.Debug|Any CPU.ActiveCfg = Debug|Any CPU
		{3C2AF620-4F39-43E6-A659-B05A13D85F1A}.Debug|Any CPU.Build.0 = Debug|Any CPU
		{3C2AF620-4F39-43E6-A659-B05A13D85F1A}.Debug|ARM.ActiveCfg = Debug|Any CPU
		{3C2AF620-4F39-43E6-A659-B05A13D85F1A}.Debug|ARM.Build.0 = Debug|Any CPU
		{3C2AF620-4F39-43E6-A659-B05A13D85F1A}.Debug|x64.ActiveCfg = Debug|Any CPU
		{3C2AF620-4F39-43E6-A659-B05A13D85F1A}.Debug|x64.Build.0 = Debug|Any CPU
		{3C2AF620-4F39-43E6-A659-B05A13D85F1A}.Debug|x86.ActiveCfg = Debug|Any CPU
		{3C2AF620-4F39-43E6-A659-B05A13D85F1A}.Debug|x86.Build.0 = Debug|Any CPU
		{3C2AF620-4F39-43E6-A659-B05A13D85F1A}.Release|Any CPU.ActiveCfg = Release|Any CPU
		{3C2AF620-4F39-43E6-A659-B05A13D85F1A}.Release|Any CPU.Build.0 = Release|Any CPU
		{3C2AF620-4F39-43E6-A659-B05A13D85F1A}.Release|ARM.ActiveCfg = Release|Any CPU
		{3C2AF620-4F39-43E6-A659-B05A13D85F1A}.Release|ARM.Build.0 = Release|Any CPU
		{3C2AF620-4F39-43E6-A659-B05A13D85F1A}.Release|x64.ActiveCfg = Release|Any CPU
		{3C2AF620-4F39-43E6-A659-B05A13D85F1A}.Release|x64.Build.0 = Release|Any CPU
		{3C2AF620-4F39-43E6-A659-B05A13D85F1A}.Release|x86.ActiveCfg = Release|Any CPU
		{3C2AF620-4F39-43E6-A659-B05A13D85F1A}.Release|x86.Build.0 = Release|Any CPU
		{76149EC4-0430-47C6-B89E-E26661FBFC2B}.Debug|Any CPU.ActiveCfg = Debug|x64
		{76149EC4-0430-47C6-B89E-E26661FBFC2B}.Debug|Any CPU.Build.0 = Debug|x64
		{76149EC4-0430-47C6-B89E-E26661FBFC2B}.Debug|Any CPU.Deploy.0 = Debug|x64
		{76149EC4-0430-47C6-B89E-E26661FBFC2B}.Debug|ARM.ActiveCfg = Debug|ARM
		{76149EC4-0430-47C6-B89E-E26661FBFC2B}.Debug|ARM.Build.0 = Debug|ARM
		{76149EC4-0430-47C6-B89E-E26661FBFC2B}.Debug|ARM.Deploy.0 = Debug|ARM
		{76149EC4-0430-47C6-B89E-E26661FBFC2B}.Debug|x64.ActiveCfg = Debug|x64
		{76149EC4-0430-47C6-B89E-E26661FBFC2B}.Debug|x64.Build.0 = Debug|x64
		{76149EC4-0430-47C6-B89E-E26661FBFC2B}.Debug|x64.Deploy.0 = Debug|x64
		{76149EC4-0430-47C6-B89E-E26661FBFC2B}.Debug|x86.ActiveCfg = Debug|x86
		{76149EC4-0430-47C6-B89E-E26661FBFC2B}.Debug|x86.Build.0 = Debug|x86
		{76149EC4-0430-47C6-B89E-E26661FBFC2B}.Debug|x86.Deploy.0 = Debug|x86
		{76149EC4-0430-47C6-B89E-E26661FBFC2B}.Release|Any CPU.ActiveCfg = Release|x86
		{76149EC4-0430-47C6-B89E-E26661FBFC2B}.Release|ARM.ActiveCfg = Release|ARM
		{76149EC4-0430-47C6-B89E-E26661FBFC2B}.Release|ARM.Build.0 = Release|ARM
		{76149EC4-0430-47C6-B89E-E26661FBFC2B}.Release|ARM.Deploy.0 = Release|ARM
		{76149EC4-0430-47C6-B89E-E26661FBFC2B}.Release|x64.ActiveCfg = Release|x64
		{76149EC4-0430-47C6-B89E-E26661FBFC2B}.Release|x64.Build.0 = Release|x64
		{76149EC4-0430-47C6-B89E-E26661FBFC2B}.Release|x64.Deploy.0 = Release|x64
		{76149EC4-0430-47C6-B89E-E26661FBFC2B}.Release|x86.ActiveCfg = Release|x86
		{76149EC4-0430-47C6-B89E-E26661FBFC2B}.Release|x86.Build.0 = Release|x86
		{76149EC4-0430-47C6-B89E-E26661FBFC2B}.Release|x86.Deploy.0 = Release|x86
		{01A754B8-5A8D-4856-836F-9ED1DC64527A}.Debug|Any CPU.ActiveCfg = Debug|Any CPU
		{01A754B8-5A8D-4856-836F-9ED1DC64527A}.Debug|Any CPU.Build.0 = Debug|Any CPU
		{01A754B8-5A8D-4856-836F-9ED1DC64527A}.Debug|ARM.ActiveCfg = Debug|Any CPU
		{01A754B8-5A8D-4856-836F-9ED1DC64527A}.Debug|ARM.Build.0 = Debug|Any CPU
		{01A754B8-5A8D-4856-836F-9ED1DC64527A}.Debug|x64.ActiveCfg = Debug|Any CPU
		{01A754B8-5A8D-4856-836F-9ED1DC64527A}.Debug|x64.Build.0 = Debug|Any CPU
		{01A754B8-5A8D-4856-836F-9ED1DC64527A}.Debug|x86.ActiveCfg = Debug|Any CPU
		{01A754B8-5A8D-4856-836F-9ED1DC64527A}.Debug|x86.Build.0 = Debug|Any CPU
		{01A754B8-5A8D-4856-836F-9ED1DC64527A}.Release|Any CPU.ActiveCfg = Release|Any CPU
		{01A754B8-5A8D-4856-836F-9ED1DC64527A}.Release|Any CPU.Build.0 = Release|Any CPU
		{01A754B8-5A8D-4856-836F-9ED1DC64527A}.Release|ARM.ActiveCfg = Release|Any CPU
		{01A754B8-5A8D-4856-836F-9ED1DC64527A}.Release|ARM.Build.0 = Release|Any CPU
		{01A754B8-5A8D-4856-836F-9ED1DC64527A}.Release|x64.ActiveCfg = Release|Any CPU
		{01A754B8-5A8D-4856-836F-9ED1DC64527A}.Release|x64.Build.0 = Release|Any CPU
		{01A754B8-5A8D-4856-836F-9ED1DC64527A}.Release|x86.ActiveCfg = Release|Any CPU
		{01A754B8-5A8D-4856-836F-9ED1DC64527A}.Release|x86.Build.0 = Release|Any CPU
		{3EFC6061-DF81-42A8-B8FA-6905C7AA383F}.Debug|Any CPU.ActiveCfg = Debug|x64
		{3EFC6061-DF81-42A8-B8FA-6905C7AA383F}.Debug|Any CPU.Build.0 = Debug|x64
		{3EFC6061-DF81-42A8-B8FA-6905C7AA383F}.Debug|Any CPU.Deploy.0 = Debug|x64
		{3EFC6061-DF81-42A8-B8FA-6905C7AA383F}.Debug|ARM.ActiveCfg = Debug|ARM
		{3EFC6061-DF81-42A8-B8FA-6905C7AA383F}.Debug|ARM.Build.0 = Debug|ARM
		{3EFC6061-DF81-42A8-B8FA-6905C7AA383F}.Debug|ARM.Deploy.0 = Debug|ARM
		{3EFC6061-DF81-42A8-B8FA-6905C7AA383F}.Debug|x64.ActiveCfg = Debug|x64
		{3EFC6061-DF81-42A8-B8FA-6905C7AA383F}.Debug|x64.Build.0 = Debug|x64
		{3EFC6061-DF81-42A8-B8FA-6905C7AA383F}.Debug|x64.Deploy.0 = Debug|x64
		{3EFC6061-DF81-42A8-B8FA-6905C7AA383F}.Debug|x86.ActiveCfg = Debug|x86
		{3EFC6061-DF81-42A8-B8FA-6905C7AA383F}.Debug|x86.Build.0 = Debug|x86
		{3EFC6061-DF81-42A8-B8FA-6905C7AA383F}.Debug|x86.Deploy.0 = Debug|x86
		{3EFC6061-DF81-42A8-B8FA-6905C7AA383F}.Release|Any CPU.ActiveCfg = Release|x86
		{3EFC6061-DF81-42A8-B8FA-6905C7AA383F}.Release|ARM.ActiveCfg = Release|ARM
		{3EFC6061-DF81-42A8-B8FA-6905C7AA383F}.Release|ARM.Build.0 = Release|ARM
		{3EFC6061-DF81-42A8-B8FA-6905C7AA383F}.Release|ARM.Deploy.0 = Release|ARM
		{3EFC6061-DF81-42A8-B8FA-6905C7AA383F}.Release|x64.ActiveCfg = Release|x64
		{3EFC6061-DF81-42A8-B8FA-6905C7AA383F}.Release|x64.Build.0 = Release|x64
		{3EFC6061-DF81-42A8-B8FA-6905C7AA383F}.Release|x64.Deploy.0 = Release|x64
		{3EFC6061-DF81-42A8-B8FA-6905C7AA383F}.Release|x86.ActiveCfg = Release|x86
		{3EFC6061-DF81-42A8-B8FA-6905C7AA383F}.Release|x86.Build.0 = Release|x86
		{3EFC6061-DF81-42A8-B8FA-6905C7AA383F}.Release|x86.Deploy.0 = Release|x86
	EndGlobalSection
	GlobalSection(SolutionProperties) = preSolution
		HideSolutionNode = FALSE
	EndGlobalSection
EndGlobal
