
Microsoft Visual Studio Solution File, Format Version 12.00
# Visual Studio 14
VisualStudioVersion = 14.0.24720.0
MinimumVisualStudioVersion = 10.0.40219.1
Project("{2150E333-8FDC-42A3-9474-1A3956D46DE8}") = "Samples", "Samples", "{A579C6F2-2C5F-4176-BEAE-0D1BD0750375}"
EndProject
Project("{2150E333-8FDC-42A3-9474-1A3956D46DE8}") = "SDK", "SDK", "{04A2AED8-1959-43CD-BCC1-B25F43D9C91D}"
EndProject
Project("{2150E333-8FDC-42A3-9474-1A3956D46DE8}") = "Stack", "Stack", "{F8ADA46B-F2EA-42D3-8860-06D9333E57E0}"
EndProject
Project("{FAE04EC0-301F-11D3-BF4B-00C04F79EFBC}") = "Opc.Ua.SampleClient", "SampleApplications\Samples\Client\Opc.Ua.SampleClient.csproj", "{3EFC6061-DF81-42A8-B8FA-6905C7AA383F}"
EndProject
Project("{FAE04EC0-301F-11D3-BF4B-00C04F79EFBC}") = "Opc.Ua.Sample", "SampleApplications\Samples\Common\Opc.Ua.Sample.csproj", "{F9E0DBB6-FD8D-4871-B179-BBF3A2A3CDA1}"
EndProject
Project("{FAE04EC0-301F-11D3-BF4B-00C04F79EFBC}") = "Opc.Ua.Sample.Controls", "SampleApplications\Samples\Controls\Opc.Ua.Sample.Controls.csproj", "{5192CB9A-D4FC-41EF-839F-D9E08C17F221}"
EndProject
Project("{FAE04EC0-301F-11D3-BF4B-00C04F79EFBC}") = "Opc.Ua.SampleServer", "SampleApplications\Samples\Server\Opc.Ua.SampleServer.csproj", "{76149EC4-0430-47C6-B89E-E26661FBFC2B}"
EndProject
Project("{FAE04EC0-301F-11D3-BF4B-00C04F79EFBC}") = "Opc.Ua.Client", "SampleApplications\SDK\Client\Opc.Ua.Client.csproj", "{B89BFA9D-419F-49B4-8210-286E7167E646}"
EndProject
Project("{FAE04EC0-301F-11D3-BF4B-00C04F79EFBC}") = "Opc.Ua.Configuration", "SampleApplications\SDK\Configuration\Opc.Ua.Configuration.csproj", "{26A56753-9326-48C3-95BB-11594293B7A8}"
EndProject
Project("{FAE04EC0-301F-11D3-BF4B-00C04F79EFBC}") = "Opc.Ua.Client.Controls", "SampleApplications\SDK\Controls\Opc.Ua.Client.Controls.csproj", "{0BACFD1F-8BD1-45E2-81AD-F9DBB5FBE028}"
EndProject
Project("{FAE04EC0-301F-11D3-BF4B-00C04F79EFBC}") = "Opc.Ua.Server", "SampleApplications\SDK\Server\Opc.Ua.Server.csproj", "{ABCAD618-B747-4794-9563-33E018FDBB93}"
EndProject
Project("{FAE04EC0-301F-11D3-BF4B-00C04F79EFBC}") = "Opc.Ua.Core", "Stack\Core\Opc.Ua.Core.csproj", "{AA9D8D17-5DBD-4E77-8496-E32177573BF3}"
EndProject
Global
	GlobalSection(SolutionConfigurationPlatforms) = preSolution
		Debug|Any CPU = Debug|Any CPU
		Debug|ARM = Debug|ARM
		Debug|x64 = Debug|x64
		Debug|x86 = Debug|x86
		Release|Any CPU = Release|Any CPU
		Release|ARM = Release|ARM
		Release|x64 = Release|x64
		Release|x86 = Release|x86
	EndGlobalSection
	GlobalSection(ProjectConfigurationPlatforms) = postSolution
		{3EFC6061-DF81-42A8-B8FA-6905C7AA383F}.Debug|Any CPU.ActiveCfg = Debug|x64
		{3EFC6061-DF81-42A8-B8FA-6905C7AA383F}.Debug|Any CPU.Build.0 = Debug|x64
		{3EFC6061-DF81-42A8-B8FA-6905C7AA383F}.Debug|Any CPU.Deploy.0 = Debug|x64
		{3EFC6061-DF81-42A8-B8FA-6905C7AA383F}.Debug|ARM.ActiveCfg = Debug|ARM
		{3EFC6061-DF81-42A8-B8FA-6905C7AA383F}.Debug|ARM.Build.0 = Debug|ARM
		{3EFC6061-DF81-42A8-B8FA-6905C7AA383F}.Debug|ARM.Deploy.0 = Debug|ARM
		{3EFC6061-DF81-42A8-B8FA-6905C7AA383F}.Debug|x64.ActiveCfg = Debug|x64
		{3EFC6061-DF81-42A8-B8FA-6905C7AA383F}.Debug|x64.Build.0 = Debug|x64
		{3EFC6061-DF81-42A8-B8FA-6905C7AA383F}.Debug|x64.Deploy.0 = Debug|x64
		{3EFC6061-DF81-42A8-B8FA-6905C7AA383F}.Debug|x86.ActiveCfg = Debug|x86
		{3EFC6061-DF81-42A8-B8FA-6905C7AA383F}.Debug|x86.Build.0 = Debug|x86
		{3EFC6061-DF81-42A8-B8FA-6905C7AA383F}.Debug|x86.Deploy.0 = Debug|x86
		{3EFC6061-DF81-42A8-B8FA-6905C7AA383F}.Release|Any CPU.ActiveCfg = Release|x86
		{3EFC6061-DF81-42A8-B8FA-6905C7AA383F}.Release|ARM.ActiveCfg = Release|ARM
		{3EFC6061-DF81-42A8-B8FA-6905C7AA383F}.Release|ARM.Build.0 = Release|ARM
		{3EFC6061-DF81-42A8-B8FA-6905C7AA383F}.Release|ARM.Deploy.0 = Release|ARM
		{3EFC6061-DF81-42A8-B8FA-6905C7AA383F}.Release|x64.ActiveCfg = Release|x64
		{3EFC6061-DF81-42A8-B8FA-6905C7AA383F}.Release|x64.Build.0 = Release|x64
		{3EFC6061-DF81-42A8-B8FA-6905C7AA383F}.Release|x64.Deploy.0 = Release|x64
		{3EFC6061-DF81-42A8-B8FA-6905C7AA383F}.Release|x86.ActiveCfg = Release|x86
		{3EFC6061-DF81-42A8-B8FA-6905C7AA383F}.Release|x86.Build.0 = Release|x86
		{3EFC6061-DF81-42A8-B8FA-6905C7AA383F}.Release|x86.Deploy.0 = Release|x86
		{F9E0DBB6-FD8D-4871-B179-BBF3A2A3CDA1}.Debug|Any CPU.ActiveCfg = Debug|Any CPU
		{F9E0DBB6-FD8D-4871-B179-BBF3A2A3CDA1}.Debug|Any CPU.Build.0 = Debug|Any CPU
		{F9E0DBB6-FD8D-4871-B179-BBF3A2A3CDA1}.Debug|ARM.ActiveCfg = Debug|ARM
		{F9E0DBB6-FD8D-4871-B179-BBF3A2A3CDA1}.Debug|ARM.Build.0 = Debug|ARM
		{F9E0DBB6-FD8D-4871-B179-BBF3A2A3CDA1}.Debug|x64.ActiveCfg = Debug|x64
		{F9E0DBB6-FD8D-4871-B179-BBF3A2A3CDA1}.Debug|x64.Build.0 = Debug|x64
		{F9E0DBB6-FD8D-4871-B179-BBF3A2A3CDA1}.Debug|x86.ActiveCfg = Debug|x86
		{F9E0DBB6-FD8D-4871-B179-BBF3A2A3CDA1}.Debug|x86.Build.0 = Debug|x86
		{F9E0DBB6-FD8D-4871-B179-BBF3A2A3CDA1}.Release|Any CPU.ActiveCfg = Release|Any CPU
		{F9E0DBB6-FD8D-4871-B179-BBF3A2A3CDA1}.Release|Any CPU.Build.0 = Release|Any CPU
		{F9E0DBB6-FD8D-4871-B179-BBF3A2A3CDA1}.Release|ARM.ActiveCfg = Release|ARM
		{F9E0DBB6-FD8D-4871-B179-BBF3A2A3CDA1}.Release|ARM.Build.0 = Release|ARM
		{F9E0DBB6-FD8D-4871-B179-BBF3A2A3CDA1}.Release|x64.ActiveCfg = Release|x64
		{F9E0DBB6-FD8D-4871-B179-BBF3A2A3CDA1}.Release|x64.Build.0 = Release|x64
		{F9E0DBB6-FD8D-4871-B179-BBF3A2A3CDA1}.Release|x86.ActiveCfg = Release|x86
		{F9E0DBB6-FD8D-4871-B179-BBF3A2A3CDA1}.Release|x86.Build.0 = Release|x86
		{5192CB9A-D4FC-41EF-839F-D9E08C17F221}.Debug|Any CPU.ActiveCfg = Debug|Any CPU
		{5192CB9A-D4FC-41EF-839F-D9E08C17F221}.Debug|Any CPU.Build.0 = Debug|Any CPU
		{5192CB9A-D4FC-41EF-839F-D9E08C17F221}.Debug|ARM.ActiveCfg = Debug|ARM
		{5192CB9A-D4FC-41EF-839F-D9E08C17F221}.Debug|ARM.Build.0 = Debug|ARM
		{5192CB9A-D4FC-41EF-839F-D9E08C17F221}.Debug|x64.ActiveCfg = Debug|x64
		{5192CB9A-D4FC-41EF-839F-D9E08C17F221}.Debug|x64.Build.0 = Debug|x64
		{5192CB9A-D4FC-41EF-839F-D9E08C17F221}.Debug|x86.ActiveCfg = Debug|x86
		{5192CB9A-D4FC-41EF-839F-D9E08C17F221}.Debug|x86.Build.0 = Debug|x86
		{5192CB9A-D4FC-41EF-839F-D9E08C17F221}.Release|Any CPU.ActiveCfg = Release|Any CPU
		{5192CB9A-D4FC-41EF-839F-D9E08C17F221}.Release|Any CPU.Build.0 = Release|Any CPU
		{5192CB9A-D4FC-41EF-839F-D9E08C17F221}.Release|ARM.ActiveCfg = Release|ARM
		{5192CB9A-D4FC-41EF-839F-D9E08C17F221}.Release|ARM.Build.0 = Release|ARM
		{5192CB9A-D4FC-41EF-839F-D9E08C17F221}.Release|x64.ActiveCfg = Release|x64
		{5192CB9A-D4FC-41EF-839F-D9E08C17F221}.Release|x64.Build.0 = Release|x64
		{5192CB9A-D4FC-41EF-839F-D9E08C17F221}.Release|x86.ActiveCfg = Release|x86
		{5192CB9A-D4FC-41EF-839F-D9E08C17F221}.Release|x86.Build.0 = Release|x86
		{76149EC4-0430-47C6-B89E-E26661FBFC2B}.Debug|Any CPU.ActiveCfg = Debug|x64
		{76149EC4-0430-47C6-B89E-E26661FBFC2B}.Debug|Any CPU.Build.0 = Debug|x64
		{76149EC4-0430-47C6-B89E-E26661FBFC2B}.Debug|Any CPU.Deploy.0 = Debug|x64
		{76149EC4-0430-47C6-B89E-E26661FBFC2B}.Debug|ARM.ActiveCfg = Debug|ARM
		{76149EC4-0430-47C6-B89E-E26661FBFC2B}.Debug|ARM.Build.0 = Debug|ARM
		{76149EC4-0430-47C6-B89E-E26661FBFC2B}.Debug|ARM.Deploy.0 = Debug|ARM
		{76149EC4-0430-47C6-B89E-E26661FBFC2B}.Debug|x64.ActiveCfg = Debug|x64
		{76149EC4-0430-47C6-B89E-E26661FBFC2B}.Debug|x64.Build.0 = Debug|x64
		{76149EC4-0430-47C6-B89E-E26661FBFC2B}.Debug|x64.Deploy.0 = Debug|x64
		{76149EC4-0430-47C6-B89E-E26661FBFC2B}.Debug|x86.ActiveCfg = Debug|x86
		{76149EC4-0430-47C6-B89E-E26661FBFC2B}.Debug|x86.Build.0 = Debug|x86
		{76149EC4-0430-47C6-B89E-E26661FBFC2B}.Debug|x86.Deploy.0 = Debug|x86
		{76149EC4-0430-47C6-B89E-E26661FBFC2B}.Release|Any CPU.ActiveCfg = Release|x86
		{76149EC4-0430-47C6-B89E-E26661FBFC2B}.Release|ARM.ActiveCfg = Release|ARM
		{76149EC4-0430-47C6-B89E-E26661FBFC2B}.Release|ARM.Build.0 = Release|ARM
		{76149EC4-0430-47C6-B89E-E26661FBFC2B}.Release|ARM.Deploy.0 = Release|ARM
		{76149EC4-0430-47C6-B89E-E26661FBFC2B}.Release|x64.ActiveCfg = Release|x64
		{76149EC4-0430-47C6-B89E-E26661FBFC2B}.Release|x64.Build.0 = Release|x64
		{76149EC4-0430-47C6-B89E-E26661FBFC2B}.Release|x64.Deploy.0 = Release|x64
		{76149EC4-0430-47C6-B89E-E26661FBFC2B}.Release|x86.ActiveCfg = Release|x86
		{76149EC4-0430-47C6-B89E-E26661FBFC2B}.Release|x86.Build.0 = Release|x86
		{76149EC4-0430-47C6-B89E-E26661FBFC2B}.Release|x86.Deploy.0 = Release|x86
		{B89BFA9D-419F-49B4-8210-286E7167E646}.Debug|Any CPU.ActiveCfg = Debug|Any CPU
		{B89BFA9D-419F-49B4-8210-286E7167E646}.Debug|Any CPU.Build.0 = Debug|Any CPU
		{B89BFA9D-419F-49B4-8210-286E7167E646}.Debug|ARM.ActiveCfg = Debug|ARM
		{B89BFA9D-419F-49B4-8210-286E7167E646}.Debug|ARM.Build.0 = Debug|ARM
		{B89BFA9D-419F-49B4-8210-286E7167E646}.Debug|x64.ActiveCfg = Debug|x64
		{B89BFA9D-419F-49B4-8210-286E7167E646}.Debug|x64.Build.0 = Debug|x64
		{B89BFA9D-419F-49B4-8210-286E7167E646}.Debug|x86.ActiveCfg = Debug|x86
		{B89BFA9D-419F-49B4-8210-286E7167E646}.Debug|x86.Build.0 = Debug|x86
		{B89BFA9D-419F-49B4-8210-286E7167E646}.Release|Any CPU.ActiveCfg = Release|Any CPU
		{B89BFA9D-419F-49B4-8210-286E7167E646}.Release|Any CPU.Build.0 = Release|Any CPU
		{B89BFA9D-419F-49B4-8210-286E7167E646}.Release|ARM.ActiveCfg = Release|ARM
		{B89BFA9D-419F-49B4-8210-286E7167E646}.Release|ARM.Build.0 = Release|ARM
		{B89BFA9D-419F-49B4-8210-286E7167E646}.Release|x64.ActiveCfg = Release|x64
		{B89BFA9D-419F-49B4-8210-286E7167E646}.Release|x64.Build.0 = Release|x64
		{B89BFA9D-419F-49B4-8210-286E7167E646}.Release|x86.ActiveCfg = Release|x86
		{B89BFA9D-419F-49B4-8210-286E7167E646}.Release|x86.Build.0 = Release|x86
		{26A56753-9326-48C3-95BB-11594293B7A8}.Debug|Any CPU.ActiveCfg = Debug|Any CPU
		{26A56753-9326-48C3-95BB-11594293B7A8}.Debug|Any CPU.Build.0 = Debug|Any CPU
		{26A56753-9326-48C3-95BB-11594293B7A8}.Debug|ARM.ActiveCfg = Debug|ARM
		{26A56753-9326-48C3-95BB-11594293B7A8}.Debug|ARM.Build.0 = Debug|ARM
		{26A56753-9326-48C3-95BB-11594293B7A8}.Debug|x64.ActiveCfg = Debug|x64
		{26A56753-9326-48C3-95BB-11594293B7A8}.Debug|x64.Build.0 = Debug|x64
		{26A56753-9326-48C3-95BB-11594293B7A8}.Debug|x86.ActiveCfg = Debug|x86
		{26A56753-9326-48C3-95BB-11594293B7A8}.Debug|x86.Build.0 = Debug|x86
		{26A56753-9326-48C3-95BB-11594293B7A8}.Release|Any CPU.ActiveCfg = Release|Any CPU
		{26A56753-9326-48C3-95BB-11594293B7A8}.Release|Any CPU.Build.0 = Release|Any CPU
		{26A56753-9326-48C3-95BB-11594293B7A8}.Release|ARM.ActiveCfg = Release|ARM
		{26A56753-9326-48C3-95BB-11594293B7A8}.Release|ARM.Build.0 = Release|ARM
		{26A56753-9326-48C3-95BB-11594293B7A8}.Release|x64.ActiveCfg = Release|x64
		{26A56753-9326-48C3-95BB-11594293B7A8}.Release|x64.Build.0 = Release|x64
		{26A56753-9326-48C3-95BB-11594293B7A8}.Release|x86.ActiveCfg = Release|x86
		{26A56753-9326-48C3-95BB-11594293B7A8}.Release|x86.Build.0 = Release|x86
		{0BACFD1F-8BD1-45E2-81AD-F9DBB5FBE028}.Debug|Any CPU.ActiveCfg = Debug|Any CPU
		{0BACFD1F-8BD1-45E2-81AD-F9DBB5FBE028}.Debug|Any CPU.Build.0 = Debug|Any CPU
		{0BACFD1F-8BD1-45E2-81AD-F9DBB5FBE028}.Debug|ARM.ActiveCfg = Debug|ARM
		{0BACFD1F-8BD1-45E2-81AD-F9DBB5FBE028}.Debug|ARM.Build.0 = Debug|ARM
		{0BACFD1F-8BD1-45E2-81AD-F9DBB5FBE028}.Debug|x64.ActiveCfg = Debug|x64
		{0BACFD1F-8BD1-45E2-81AD-F9DBB5FBE028}.Debug|x64.Build.0 = Debug|x64
		{0BACFD1F-8BD1-45E2-81AD-F9DBB5FBE028}.Debug|x86.ActiveCfg = Debug|x86
		{0BACFD1F-8BD1-45E2-81AD-F9DBB5FBE028}.Debug|x86.Build.0 = Debug|x86
		{0BACFD1F-8BD1-45E2-81AD-F9DBB5FBE028}.Release|Any CPU.ActiveCfg = Release|Any CPU
		{0BACFD1F-8BD1-45E2-81AD-F9DBB5FBE028}.Release|Any CPU.Build.0 = Release|Any CPU
		{0BACFD1F-8BD1-45E2-81AD-F9DBB5FBE028}.Release|ARM.ActiveCfg = Release|ARM
		{0BACFD1F-8BD1-45E2-81AD-F9DBB5FBE028}.Release|ARM.Build.0 = Release|ARM
		{0BACFD1F-8BD1-45E2-81AD-F9DBB5FBE028}.Release|x64.ActiveCfg = Release|x64
		{0BACFD1F-8BD1-45E2-81AD-F9DBB5FBE028}.Release|x64.Build.0 = Release|x64
		{0BACFD1F-8BD1-45E2-81AD-F9DBB5FBE028}.Release|x86.ActiveCfg = Release|x86
		{0BACFD1F-8BD1-45E2-81AD-F9DBB5FBE028}.Release|x86.Build.0 = Release|x86
		{ABCAD618-B747-4794-9563-33E018FDBB93}.Debug|Any CPU.ActiveCfg = Debug|Any CPU
		{ABCAD618-B747-4794-9563-33E018FDBB93}.Debug|Any CPU.Build.0 = Debug|Any CPU
		{ABCAD618-B747-4794-9563-33E018FDBB93}.Debug|ARM.ActiveCfg = Debug|ARM
		{ABCAD618-B747-4794-9563-33E018FDBB93}.Debug|ARM.Build.0 = Debug|ARM
		{ABCAD618-B747-4794-9563-33E018FDBB93}.Debug|x64.ActiveCfg = Debug|x64
		{ABCAD618-B747-4794-9563-33E018FDBB93}.Debug|x64.Build.0 = Debug|x64
		{ABCAD618-B747-4794-9563-33E018FDBB93}.Debug|x86.ActiveCfg = Debug|x86
		{ABCAD618-B747-4794-9563-33E018FDBB93}.Debug|x86.Build.0 = Debug|x86
		{ABCAD618-B747-4794-9563-33E018FDBB93}.Release|Any CPU.ActiveCfg = Release|Any CPU
		{ABCAD618-B747-4794-9563-33E018FDBB93}.Release|Any CPU.Build.0 = Release|Any CPU
		{ABCAD618-B747-4794-9563-33E018FDBB93}.Release|ARM.ActiveCfg = Release|ARM
		{ABCAD618-B747-4794-9563-33E018FDBB93}.Release|ARM.Build.0 = Release|ARM
		{ABCAD618-B747-4794-9563-33E018FDBB93}.Release|x64.ActiveCfg = Release|x64
		{ABCAD618-B747-4794-9563-33E018FDBB93}.Release|x64.Build.0 = Release|x64
		{ABCAD618-B747-4794-9563-33E018FDBB93}.Release|x86.ActiveCfg = Release|x86
		{ABCAD618-B747-4794-9563-33E018FDBB93}.Release|x86.Build.0 = Release|x86
		{AA9D8D17-5DBD-4E77-8496-E32177573BF3}.Debug|Any CPU.ActiveCfg = Debug|Any CPU
		{AA9D8D17-5DBD-4E77-8496-E32177573BF3}.Debug|Any CPU.Build.0 = Debug|Any CPU
		{AA9D8D17-5DBD-4E77-8496-E32177573BF3}.Debug|ARM.ActiveCfg = Debug|ARM
		{AA9D8D17-5DBD-4E77-8496-E32177573BF3}.Debug|ARM.Build.0 = Debug|ARM
		{AA9D8D17-5DBD-4E77-8496-E32177573BF3}.Debug|x64.ActiveCfg = Debug|x64
		{AA9D8D17-5DBD-4E77-8496-E32177573BF3}.Debug|x64.Build.0 = Debug|x64
		{AA9D8D17-5DBD-4E77-8496-E32177573BF3}.Debug|x86.ActiveCfg = Debug|x86
		{AA9D8D17-5DBD-4E77-8496-E32177573BF3}.Debug|x86.Build.0 = Debug|x86
		{AA9D8D17-5DBD-4E77-8496-E32177573BF3}.Release|Any CPU.ActiveCfg = Release|Any CPU
		{AA9D8D17-5DBD-4E77-8496-E32177573BF3}.Release|Any CPU.Build.0 = Release|Any CPU
		{AA9D8D17-5DBD-4E77-8496-E32177573BF3}.Release|ARM.ActiveCfg = Release|ARM
		{AA9D8D17-5DBD-4E77-8496-E32177573BF3}.Release|ARM.Build.0 = Release|ARM
		{AA9D8D17-5DBD-4E77-8496-E32177573BF3}.Release|x64.ActiveCfg = Release|x64
		{AA9D8D17-5DBD-4E77-8496-E32177573BF3}.Release|x64.Build.0 = Release|x64
		{AA9D8D17-5DBD-4E77-8496-E32177573BF3}.Release|x86.ActiveCfg = Release|x86
		{AA9D8D17-5DBD-4E77-8496-E32177573BF3}.Release|x86.Build.0 = Release|x86
	EndGlobalSection
	GlobalSection(SolutionProperties) = preSolution
		HideSolutionNode = FALSE
	EndGlobalSection
	GlobalSection(NestedProjects) = preSolution
		{3EFC6061-DF81-42A8-B8FA-6905C7AA383F} = {A579C6F2-2C5F-4176-BEAE-0D1BD0750375}
		{F9E0DBB6-FD8D-4871-B179-BBF3A2A3CDA1} = {A579C6F2-2C5F-4176-BEAE-0D1BD0750375}
		{5192CB9A-D4FC-41EF-839F-D9E08C17F221} = {A579C6F2-2C5F-4176-BEAE-0D1BD0750375}
		{76149EC4-0430-47C6-B89E-E26661FBFC2B} = {A579C6F2-2C5F-4176-BEAE-0D1BD0750375}
		{B89BFA9D-419F-49B4-8210-286E7167E646} = {04A2AED8-1959-43CD-BCC1-B25F43D9C91D}
		{26A56753-9326-48C3-95BB-11594293B7A8} = {04A2AED8-1959-43CD-BCC1-B25F43D9C91D}
		{0BACFD1F-8BD1-45E2-81AD-F9DBB5FBE028} = {04A2AED8-1959-43CD-BCC1-B25F43D9C91D}
		{ABCAD618-B747-4794-9563-33E018FDBB93} = {04A2AED8-1959-43CD-BCC1-B25F43D9C91D}
		{AA9D8D17-5DBD-4E77-8496-E32177573BF3} = {F8ADA46B-F2EA-42D3-8860-06D9333E57E0}
	EndGlobalSection
EndGlobal
