
Microsoft Visual Studio Solution File, Format Version 12.00
# Visual Studio 15
VisualStudioVersion = 15.0.27130.2010
MinimumVisualStudioVersion = 10.0.40219.1
Project("{2150E333-8FDC-42A3-9474-1A3956D46DE8}") = "Solution Items", "Solution Items", "{FCC27D39-586F-4F1E-8373-4FB3C58333BC}"
	ProjectSection(SolutionItems) = preProject
		.gitattributes = .gitattributes
		.gitignore = .gitignore
	EndProjectSection
EndProject
Project("{9A19103F-16F7-4668-BE54-9A1E7A4F7556}") = "Opc.Ua.Client", "..\SampleApplications\SDK\Opc.Ua.Client\Opc.Ua.Client.csproj", "{8906C833-3C21-45B7-B103-1F27AA945075}"
EndProject
Project("{9A19103F-16F7-4668-BE54-9A1E7A4F7556}") = "Opc.Ua.Configuration", "..\SampleApplications\SDK\Opc.Ua.Configuration\Opc.Ua.Configuration.csproj", "{9CDE220B-7614-42C4-99B0-7B4713AB2931}"
EndProject
Project("{9A19103F-16F7-4668-BE54-9A1E7A4F7556}") = "Opc.Ua.Server", "..\SampleApplications\SDK\Opc.Ua.Server\Opc.Ua.Server.csproj", "{15AEEE57-3AAE-4333-B69F-777F6573D8A4}"
EndProject
Project("{9A19103F-16F7-4668-BE54-9A1E7A4F7556}") = "Opc.Ua.Core", "..\Stack\Opc.Ua.Core\Opc.Ua.Core.csproj", "{31EC9480-617B-48C4-A5BE-1D159A278D1D}"
EndProject
Project("{FAE04EC0-301F-11D3-BF4B-00C04F79EFBC}") = "UA COM Interop Library", "Common\UA COM Interop Library.csproj", "{24D3C616-ED4C-4AF9-B529-7B418EC8ACC4}"
EndProject
Project("{FAE04EC0-301F-11D3-BF4B-00C04F79EFBC}") = "UA COM Server Wrapper", "Wrapper\ServerWrapper\UA COM Server Wrapper.csproj", "{F4805912-A3F9-4045-BC63-01F34A216EE7}"
EndProject
Project("{8BC9CEB8-8B4A-11D0-8D11-00A0C91BC942}") = "UA COM Server Class Library", "Wrapper\Common\OPC Sample Utility Classes.vcxproj", "{268AE545-D614-4B66-AEF3-C5B85919AD9D}"
EndProject
Project("{FAE04EC0-301F-11D3-BF4B-00C04F79EFBC}") = "UA Server Controls", "..\SampleApplications\Samples\ServerControls.Net4\UA Server Controls.csproj", "{80056988-44E7-4EF4-9F59-50BCF215CB03}"
EndProject
Global
	GlobalSection(SolutionConfigurationPlatforms) = preSolution
		Debug|Any CPU = Debug|Any CPU
		Debug|Mixed Platforms = Debug|Mixed Platforms
		Debug|Win32 = Debug|Win32
		Release|Any CPU = Release|Any CPU
		Release|Mixed Platforms = Release|Mixed Platforms
		Release|Win32 = Release|Win32
	EndGlobalSection
	GlobalSection(ProjectConfigurationPlatforms) = postSolution
		{8906C833-3C21-45B7-B103-1F27AA945075}.Debug|Any CPU.ActiveCfg = Debug|Any CPU
		{8906C833-3C21-45B7-B103-1F27AA945075}.Debug|Any CPU.Build.0 = Debug|Any CPU
		{8906C833-3C21-45B7-B103-1F27AA945075}.Debug|Mixed Platforms.ActiveCfg = Debug|Any CPU
		{8906C833-3C21-45B7-B103-1F27AA945075}.Debug|Mixed Platforms.Build.0 = Debug|Any CPU
		{8906C833-3C21-45B7-B103-1F27AA945075}.Debug|Win32.ActiveCfg = Debug|Any CPU
		{8906C833-3C21-45B7-B103-1F27AA945075}.Debug|Win32.Build.0 = Debug|Any CPU
		{8906C833-3C21-45B7-B103-1F27AA945075}.Release|Any CPU.ActiveCfg = Release|Any CPU
		{8906C833-3C21-45B7-B103-1F27AA945075}.Release|Any CPU.Build.0 = Release|Any CPU
		{8906C833-3C21-45B7-B103-1F27AA945075}.Release|Mixed Platforms.ActiveCfg = Release|Any CPU
		{8906C833-3C21-45B7-B103-1F27AA945075}.Release|Mixed Platforms.Build.0 = Release|Any CPU
		{8906C833-3C21-45B7-B103-1F27AA945075}.Release|Win32.ActiveCfg = Release|Any CPU
		{8906C833-3C21-45B7-B103-1F27AA945075}.Release|Win32.Build.0 = Release|Any CPU
		{9CDE220B-7614-42C4-99B0-7B4713AB2931}.Debug|Any CPU.ActiveCfg = Debug|Any CPU
		{9CDE220B-7614-42C4-99B0-7B4713AB2931}.Debug|Any CPU.Build.0 = Debug|Any CPU
		{9CDE220B-7614-42C4-99B0-7B4713AB2931}.Debug|Mixed Platforms.ActiveCfg = Debug|Any CPU
		{9CDE220B-7614-42C4-99B0-7B4713AB2931}.Debug|Mixed Platforms.Build.0 = Debug|Any CPU
		{9CDE220B-7614-42C4-99B0-7B4713AB2931}.Debug|Win32.ActiveCfg = Debug|Any CPU
		{9CDE220B-7614-42C4-99B0-7B4713AB2931}.Debug|Win32.Build.0 = Debug|Any CPU
		{9CDE220B-7614-42C4-99B0-7B4713AB2931}.Release|Any CPU.ActiveCfg = Release|Any CPU
		{9CDE220B-7614-42C4-99B0-7B4713AB2931}.Release|Any CPU.Build.0 = Release|Any CPU
		{9CDE220B-7614-42C4-99B0-7B4713AB2931}.Release|Mixed Platforms.ActiveCfg = Release|Any CPU
		{9CDE220B-7614-42C4-99B0-7B4713AB2931}.Release|Mixed Platforms.Build.0 = Release|Any CPU
		{9CDE220B-7614-42C4-99B0-7B4713AB2931}.Release|Win32.ActiveCfg = Release|Any CPU
		{9CDE220B-7614-42C4-99B0-7B4713AB2931}.Release|Win32.Build.0 = Release|Any CPU
		{15AEEE57-3AAE-4333-B69F-777F6573D8A4}.Debug|Any CPU.ActiveCfg = Debug|Any CPU
		{15AEEE57-3AAE-4333-B69F-777F6573D8A4}.Debug|Any CPU.Build.0 = Debug|Any CPU
		{15AEEE57-3AAE-4333-B69F-777F6573D8A4}.Debug|Mixed Platforms.ActiveCfg = Debug|Any CPU
		{15AEEE57-3AAE-4333-B69F-777F6573D8A4}.Debug|Mixed Platforms.Build.0 = Debug|Any CPU
		{15AEEE57-3AAE-4333-B69F-777F6573D8A4}.Debug|Win32.ActiveCfg = Debug|Any CPU
		{15AEEE57-3AAE-4333-B69F-777F6573D8A4}.Debug|Win32.Build.0 = Debug|Any CPU
		{15AEEE57-3AAE-4333-B69F-777F6573D8A4}.Release|Any CPU.ActiveCfg = Release|Any CPU
		{15AEEE57-3AAE-4333-B69F-777F6573D8A4}.Release|Any CPU.Build.0 = Release|Any CPU
		{15AEEE57-3AAE-4333-B69F-777F6573D8A4}.Release|Mixed Platforms.ActiveCfg = Release|Any CPU
		{15AEEE57-3AAE-4333-B69F-777F6573D8A4}.Release|Mixed Platforms.Build.0 = Release|Any CPU
		{15AEEE57-3AAE-4333-B69F-777F6573D8A4}.Release|Win32.ActiveCfg = Release|Any CPU
		{15AEEE57-3AAE-4333-B69F-777F6573D8A4}.Release|Win32.Build.0 = Release|Any CPU
		{31EC9480-617B-48C4-A5BE-1D159A278D1D}.Debug|Any CPU.ActiveCfg = Debug|Any CPU
		{31EC9480-617B-48C4-A5BE-1D159A278D1D}.Debug|Any CPU.Build.0 = Debug|Any CPU
		{31EC9480-617B-48C4-A5BE-1D159A278D1D}.Debug|Mixed Platforms.ActiveCfg = Debug|Any CPU
		{31EC9480-617B-48C4-A5BE-1D159A278D1D}.Debug|Mixed Platforms.Build.0 = Debug|Any CPU
		{31EC9480-617B-48C4-A5BE-1D159A278D1D}.Debug|Win32.ActiveCfg = Debug|Any CPU
		{31EC9480-617B-48C4-A5BE-1D159A278D1D}.Debug|Win32.Build.0 = Debug|Any CPU
		{31EC9480-617B-48C4-A5BE-1D159A278D1D}.Release|Any CPU.ActiveCfg = Release|Any CPU
		{31EC9480-617B-48C4-A5BE-1D159A278D1D}.Release|Any CPU.Build.0 = Release|Any CPU
		{31EC9480-617B-48C4-A5BE-1D159A278D1D}.Release|Mixed Platforms.ActiveCfg = Release|Any CPU
		{31EC9480-617B-48C4-A5BE-1D159A278D1D}.Release|Mixed Platforms.Build.0 = Release|Any CPU
		{31EC9480-617B-48C4-A5BE-1D159A278D1D}.Release|Win32.ActiveCfg = Release|Any CPU
		{31EC9480-617B-48C4-A5BE-1D159A278D1D}.Release|Win32.Build.0 = Release|Any CPU
		{24D3C616-ED4C-4AF9-B529-7B418EC8ACC4}.Debug|Any CPU.ActiveCfg = Debug|Any CPU
		{24D3C616-ED4C-4AF9-B529-7B418EC8ACC4}.Debug|Any CPU.Build.0 = Debug|Any CPU
		{24D3C616-ED4C-4AF9-B529-7B418EC8ACC4}.Debug|Mixed Platforms.ActiveCfg = Debug|Any CPU
		{24D3C616-ED4C-4AF9-B529-7B418EC8ACC4}.Debug|Mixed Platforms.Build.0 = Debug|Any CPU
		{24D3C616-ED4C-4AF9-B529-7B418EC8ACC4}.Debug|Win32.ActiveCfg = Debug|Any CPU
		{24D3C616-ED4C-4AF9-B529-7B418EC8ACC4}.Release|Any CPU.ActiveCfg = Release|Any CPU
		{24D3C616-ED4C-4AF9-B529-7B418EC8ACC4}.Release|Any CPU.Build.0 = Release|Any CPU
		{24D3C616-ED4C-4AF9-B529-7B418EC8ACC4}.Release|Mixed Platforms.ActiveCfg = Release|Any CPU
		{24D3C616-ED4C-4AF9-B529-7B418EC8ACC4}.Release|Mixed Platforms.Build.0 = Release|Any CPU
		{24D3C616-ED4C-4AF9-B529-7B418EC8ACC4}.Release|Win32.ActiveCfg = Release|Any CPU
		{F4805912-A3F9-4045-BC63-01F34A216EE7}.Debug|Any CPU.ActiveCfg = Debug|Any CPU
		{F4805912-A3F9-4045-BC63-01F34A216EE7}.Debug|Any CPU.Build.0 = Debug|Any CPU
		{F4805912-A3F9-4045-BC63-01F34A216EE7}.Debug|Mixed Platforms.ActiveCfg = Debug|Any CPU
		{F4805912-A3F9-4045-BC63-01F34A216EE7}.Debug|Mixed Platforms.Build.0 = Debug|Any CPU
		{F4805912-A3F9-4045-BC63-01F34A216EE7}.Debug|Win32.ActiveCfg = Debug|Any CPU
		{F4805912-A3F9-4045-BC63-01F34A216EE7}.Release|Any CPU.ActiveCfg = Release|Any CPU
		{F4805912-A3F9-4045-BC63-01F34A216EE7}.Release|Any CPU.Build.0 = Release|Any CPU
		{F4805912-A3F9-4045-BC63-01F34A216EE7}.Release|Mixed Platforms.ActiveCfg = Release|Any CPU
		{F4805912-A3F9-4045-BC63-01F34A216EE7}.Release|Mixed Platforms.Build.0 = Release|Any CPU
		{F4805912-A3F9-4045-BC63-01F34A216EE7}.Release|Win32.ActiveCfg = Release|Any CPU
		{268AE545-D614-4B66-AEF3-C5B85919AD9D}.Debug|Any CPU.ActiveCfg = Debug|Win32
		{268AE545-D614-4B66-AEF3-C5B85919AD9D}.Debug|Mixed Platforms.ActiveCfg = Debug|Win32
		{268AE545-D614-4B66-AEF3-C5B85919AD9D}.Debug|Mixed Platforms.Build.0 = Debug|Win32
		{268AE545-D614-4B66-AEF3-C5B85919AD9D}.Debug|Win32.ActiveCfg = Debug|Win32
		{268AE545-D614-4B66-AEF3-C5B85919AD9D}.Debug|Win32.Build.0 = Debug|Win32
		{268AE545-D614-4B66-AEF3-C5B85919AD9D}.Release|Any CPU.ActiveCfg = Release|Win32
		{268AE545-D614-4B66-AEF3-C5B85919AD9D}.Release|Mixed Platforms.ActiveCfg = Release|Win32
		{268AE545-D614-4B66-AEF3-C5B85919AD9D}.Release|Mixed Platforms.Build.0 = Release|Win32
		{268AE545-D614-4B66-AEF3-C5B85919AD9D}.Release|Win32.ActiveCfg = Release|Win32
		{268AE545-D614-4B66-AEF3-C5B85919AD9D}.Release|Win32.Build.0 = Release|Win32
		{80056988-44E7-4EF4-9F59-50BCF215CB03}.Debug|Any CPU.ActiveCfg = Debug|Any CPU
		{80056988-44E7-4EF4-9F59-50BCF215CB03}.Debug|Any CPU.Build.0 = Debug|Any CPU
		{80056988-44E7-4EF4-9F59-50BCF215CB03}.Debug|Mixed Platforms.ActiveCfg = Debug|Any CPU
		{80056988-44E7-4EF4-9F59-50BCF215CB03}.Debug|Mixed Platforms.Build.0 = Debug|Any CPU
		{80056988-44E7-4EF4-9F59-50BCF215CB03}.Debug|Win32.ActiveCfg = Debug|Any CPU
		{80056988-44E7-4EF4-9F59-50BCF215CB03}.Debug|Win32.Build.0 = Debug|Any CPU
		{80056988-44E7-4EF4-9F59-50BCF215CB03}.Release|Any CPU.ActiveCfg = Release|Any CPU
		{80056988-44E7-4EF4-9F59-50BCF215CB03}.Release|Any CPU.Build.0 = Release|Any CPU
		{80056988-44E7-4EF4-9F59-50BCF215CB03}.Release|Mixed Platforms.ActiveCfg = Release|Any CPU
		{80056988-44E7-4EF4-9F59-50BCF215CB03}.Release|Mixed Platforms.Build.0 = Release|Any CPU
		{80056988-44E7-4EF4-9F59-50BCF215CB03}.Release|Win32.ActiveCfg = Release|Any CPU
		{80056988-44E7-4EF4-9F59-50BCF215CB03}.Release|Win32.Build.0 = Release|Any CPU
	EndGlobalSection
	GlobalSection(SolutionProperties) = preSolution
		HideSolutionNode = FALSE
	EndGlobalSection
	GlobalSection(ExtensibilityGlobals) = postSolution
		SolutionGuid = {FA170E8A-65B2-4F5A-8317-6AEB5E66E463}
	EndGlobalSection
EndGlobal
