
Microsoft Visual Studio Solution File, Format Version 12.00
# Visual Studio 15
VisualStudioVersion = 15.0.28307.1062
MinimumVisualStudioVersion = 10.0.40219.1
Project("{FAE04EC0-301F-11D3-BF4B-00C04F79EFBC}") = "ReverseHello Server", "ReverseHelloServer\ReverseHello Server.csproj", "{1A9E06D3-0EBC-4851-8DB7-F16284413F13}"
EndProject
Project("{FAE04EC0-301F-11D3-BF4B-00C04F79EFBC}") = "ReverseHello Client", "ReverseHelloClient\ReverseHello Client.csproj", "{9C9E649E-EAC5-48C6-BD36-DCE4FF617BBB}"
EndProject
Project("{9A19103F-16F7-4668-BE54-9A1E7A4F7556}") = "Opc.Ua.Configuration", "..\..\SDK\Opc.Ua.Configuration\Opc.Ua.Configuration.csproj", "{5995B690-A380-417B-8418-A884D03C73BC}"
EndProject
Project("{9A19103F-16F7-4668-BE54-9A1E7A4F7556}") = "Opc.Ua.Server", "..\..\SDK\Opc.Ua.Server\Opc.Ua.Server.csproj", "{2E90B43B-65B7-4200-995C-B309C87A6175}"
EndProject
Project("{9A19103F-16F7-4668-BE54-9A1E7A4F7556}") = "Opc.Ua.Client", "..\..\SDK\Opc.Ua.Client\Opc.Ua.Client.csproj", "{5B6CDB21-EDBD-490F-AA43-1276FAD2FE5F}"
EndProject
Project("{9A19103F-16F7-4668-BE54-9A1E7A4F7556}") = "Opc.Ua.Core", "..\..\..\Stack\Opc.Ua.Core\Opc.Ua.Core.csproj", "{BE409CDC-E4F5-4F77-9199-62E10D29EB8B}"
EndProject
Project("{FAE04EC0-301F-11D3-BF4B-00C04F79EFBC}") = "UA Client Controls", "..\ClientControls.Net4\UA Client Controls.csproj", "{A247D2EE-14FC-463D-A9BA-6CFF1EF22B7A}"
EndProject
Project("{FAE04EC0-301F-11D3-BF4B-00C04F79EFBC}") = "UA Server Controls", "..\ServerControls.Net4\UA Server Controls.csproj", "{80056988-44E7-4EF4-9F59-50BCF215CB03}"
EndProject
Project("{9A19103F-16F7-4668-BE54-9A1E7A4F7556}") = "Opc.Ua.Client.ComplexTypes", "..\..\SDK\Opc.Ua.Client.ComplexTypes\Opc.Ua.Client.ComplexTypes.csproj", "{322EA4E1-73DE-41C9-976E-A679188F2534}"
EndProject
Project("{9A19103F-16F7-4668-BE54-9A1E7A4F7556}") = "NetCoreConsoleServer", "..\NetCoreConsoleServer\NetCoreConsoleServer.csproj", "{AA038F4C-0993-41EC-9FB7-C6FAA55E0FF0}"
EndProject
Project("{9A19103F-16F7-4668-BE54-9A1E7A4F7556}") = "Opc.Ua.Sample", "..\Opc.Ua.Sample\Opc.Ua.Sample.csproj", "{2B91ACF0-1E8E-4BB8-8487-CB85922A71A9}"
EndProject
Global
	GlobalSection(SolutionConfigurationPlatforms) = preSolution
		Debug|Any CPU = Debug|Any CPU
		Release|Any CPU = Release|Any CPU
	EndGlobalSection
	GlobalSection(ProjectConfigurationPlatforms) = postSolution
		{1A9E06D3-0EBC-4851-8DB7-F16284413F13}.Debug|Any CPU.ActiveCfg = Debug|Any CPU
		{1A9E06D3-0EBC-4851-8DB7-F16284413F13}.Debug|Any CPU.Build.0 = Debug|Any CPU
		{1A9E06D3-0EBC-4851-8DB7-F16284413F13}.Release|Any CPU.ActiveCfg = Release|Any CPU
		{1A9E06D3-0EBC-4851-8DB7-F16284413F13}.Release|Any CPU.Build.0 = Release|Any CPU
		{9C9E649E-EAC5-48C6-BD36-DCE4FF617BBB}.Debug|Any CPU.ActiveCfg = Debug|Any CPU
		{9C9E649E-EAC5-48C6-BD36-DCE4FF617BBB}.Debug|Any CPU.Build.0 = Debug|Any CPU
		{9C9E649E-EAC5-48C6-BD36-DCE4FF617BBB}.Release|Any CPU.ActiveCfg = Release|Any CPU
		{9C9E649E-EAC5-48C6-BD36-DCE4FF617BBB}.Release|Any CPU.Build.0 = Release|Any CPU
		{5995B690-A380-417B-8418-A884D03C73BC}.Debug|Any CPU.ActiveCfg = Debug|Any CPU
		{5995B690-A380-417B-8418-A884D03C73BC}.Debug|Any CPU.Build.0 = Debug|Any CPU
		{5995B690-A380-417B-8418-A884D03C73BC}.Release|Any CPU.ActiveCfg = Release|Any CPU
		{5995B690-A380-417B-8418-A884D03C73BC}.Release|Any CPU.Build.0 = Release|Any CPU
		{2E90B43B-65B7-4200-995C-B309C87A6175}.Debug|Any CPU.ActiveCfg = Debug|Any CPU
		{2E90B43B-65B7-4200-995C-B309C87A6175}.Debug|Any CPU.Build.0 = Debug|Any CPU
		{2E90B43B-65B7-4200-995C-B309C87A6175}.Release|Any CPU.ActiveCfg = Release|Any CPU
		{2E90B43B-65B7-4200-995C-B309C87A6175}.Release|Any CPU.Build.0 = Release|Any CPU
		{5B6CDB21-EDBD-490F-AA43-1276FAD2FE5F}.Debug|Any CPU.ActiveCfg = Debug|Any CPU
		{5B6CDB21-EDBD-490F-AA43-1276FAD2FE5F}.Debug|Any CPU.Build.0 = Debug|Any CPU
		{5B6CDB21-EDBD-490F-AA43-1276FAD2FE5F}.Release|Any CPU.ActiveCfg = Release|Any CPU
		{5B6CDB21-EDBD-490F-AA43-1276FAD2FE5F}.Release|Any CPU.Build.0 = Release|Any CPU
		{BE409CDC-E4F5-4F77-9199-62E10D29EB8B}.Debug|Any CPU.ActiveCfg = Debug|Any CPU
		{BE409CDC-E4F5-4F77-9199-62E10D29EB8B}.Debug|Any CPU.Build.0 = Debug|Any CPU
		{BE409CDC-E4F5-4F77-9199-62E10D29EB8B}.Release|Any CPU.ActiveCfg = Release|Any CPU
		{BE409CDC-E4F5-4F77-9199-62E10D29EB8B}.Release|Any CPU.Build.0 = Release|Any CPU
		{A247D2EE-14FC-463D-A9BA-6CFF1EF22B7A}.Debug|Any CPU.ActiveCfg = Debug|Any CPU
		{A247D2EE-14FC-463D-A9BA-6CFF1EF22B7A}.Debug|Any CPU.Build.0 = Debug|Any CPU
		{A247D2EE-14FC-463D-A9BA-6CFF1EF22B7A}.Release|Any CPU.ActiveCfg = Release|Any CPU
		{A247D2EE-14FC-463D-A9BA-6CFF1EF22B7A}.Release|Any CPU.Build.0 = Release|Any CPU
		{80056988-44E7-4EF4-9F59-50BCF215CB03}.Debug|Any CPU.ActiveCfg = Debug|Any CPU
		{80056988-44E7-4EF4-9F59-50BCF215CB03}.Debug|Any CPU.Build.0 = Debug|Any CPU
		{80056988-44E7-4EF4-9F59-50BCF215CB03}.Release|Any CPU.ActiveCfg = Release|Any CPU
		{80056988-44E7-4EF4-9F59-50BCF215CB03}.Release|Any CPU.Build.0 = Release|Any CPU
		{322EA4E1-73DE-41C9-976E-A679188F2534}.Debug|Any CPU.ActiveCfg = Debug|Any CPU
		{322EA4E1-73DE-41C9-976E-A679188F2534}.Debug|Any CPU.Build.0 = Debug|Any CPU
		{322EA4E1-73DE-41C9-976E-A679188F2534}.Release|Any CPU.ActiveCfg = Release|Any CPU
		{322EA4E1-73DE-41C9-976E-A679188F2534}.Release|Any CPU.Build.0 = Release|Any CPU
		{AA038F4C-0993-41EC-9FB7-C6FAA55E0FF0}.Debug|Any CPU.ActiveCfg = Debug|Any CPU
		{AA038F4C-0993-41EC-9FB7-C6FAA55E0FF0}.Debug|Any CPU.Build.0 = Debug|Any CPU
		{AA038F4C-0993-41EC-9FB7-C6FAA55E0FF0}.Release|Any CPU.ActiveCfg = Release|Any CPU
		{AA038F4C-0993-41EC-9FB7-C6FAA55E0FF0}.Release|Any CPU.Build.0 = Release|Any CPU
		{2B91ACF0-1E8E-4BB8-8487-CB85922A71A9}.Debug|Any CPU.ActiveCfg = Debug|Any CPU
		{2B91ACF0-1E8E-4BB8-8487-CB85922A71A9}.Debug|Any CPU.Build.0 = Debug|Any CPU
		{2B91ACF0-1E8E-4BB8-8487-CB85922A71A9}.Release|Any CPU.ActiveCfg = Release|Any CPU
		{2B91ACF0-1E8E-4BB8-8487-CB85922A71A9}.Release|Any CPU.Build.0 = Release|Any CPU
	EndGlobalSection
	GlobalSection(SolutionProperties) = preSolution
		HideSolutionNode = FALSE
	EndGlobalSection
	GlobalSection(ExtensibilityGlobals) = postSolution
		SolutionGuid = {BF7C02B7-7FA9-47B0-91A5-8FB5C52FC890}
	EndGlobalSection
EndGlobal
